// !$*UTF8*$!
{
	archiveVersion = 1;
	classes = {
	};
	objectVersion = 56;
	objects = {

/* Begin PBXBuildFile section */
		050E0CA42C74B35500326EEA /* UIApplication+.swift in Sources */ = {isa = PBXBuildFile; fileRef = 050E0CA32C74B35500326EEA /* UIApplication+.swift */; };
		050E0CA62C74B70800326EEA /* UIButton+.swift in Sources */ = {isa = PBXBuildFile; fileRef = 050E0CA52C74B70800326EEA /* UIButton+.swift */; };
		050E0CAA2C74B7A900326EEA /* FeedDetailReplyDTO.swift in Sources */ = {isa = PBXBuildFile; fileRef = 050E0CA92C74B7A900326EEA /* FeedDetailReplyDTO.swift */; };
		050E0CAC2C74B7BB00326EEA /* HomeFeedListDTO.swift in Sources */ = {isa = PBXBuildFile; fileRef = 050E0CAB2C74B7BB00326EEA /* HomeFeedListDTO.swift */; };
		050E0CAE2C74B7F100326EEA /* WablePopupView.swift in Sources */ = {isa = PBXBuildFile; fileRef = 050E0CAD2C74B7F100326EEA /* WablePopupView.swift */; };
		050E0CB52C74B85800326EEA /* HomeView.swift in Sources */ = {isa = PBXBuildFile; fileRef = 050E0CB42C74B85800326EEA /* HomeView.swift */; };
		050E0CB72C74B87400326EEA /* FeedDetailView.swift in Sources */ = {isa = PBXBuildFile; fileRef = 050E0CB62C74B87400326EEA /* FeedDetailView.swift */; };
		050E0CB92C74B88800326EEA /* HomeTabView.swift in Sources */ = {isa = PBXBuildFile; fileRef = 050E0CB82C74B88800326EEA /* HomeTabView.swift */; };
		050E0CBB2C74B89300326EEA /* FeedInfoView.swift in Sources */ = {isa = PBXBuildFile; fileRef = 050E0CBA2C74B89300326EEA /* FeedInfoView.swift */; };
		050E0CBD2C74B89C00326EEA /* FeedDetailBottomView.swift in Sources */ = {isa = PBXBuildFile; fileRef = 050E0CBC2C74B89C00326EEA /* FeedDetailBottomView.swift */; };
		050E0CBF2C74B8A400326EEA /* FeedContentView.swift in Sources */ = {isa = PBXBuildFile; fileRef = 050E0CBE2C74B8A400326EEA /* FeedContentView.swift */; };
		050E0CC12C74B8AD00326EEA /* FeedBottomWriteView.swift in Sources */ = {isa = PBXBuildFile; fileRef = 050E0CC02C74B8AD00326EEA /* FeedBottomWriteView.swift */; };
		050E0CC32C74B8B600326EEA /* FeedBottomView.swift in Sources */ = {isa = PBXBuildFile; fileRef = 050E0CC22C74B8B600326EEA /* FeedBottomView.swift */; };
		050E0CC52C74B8F000326EEA /* HomeFeedTableViewCell.swift in Sources */ = {isa = PBXBuildFile; fileRef = 050E0CC42C74B8F000326EEA /* HomeFeedTableViewCell.swift */; };
		050E0CC72C74B8FD00326EEA /* FeedDetailTableViewCell.swift in Sources */ = {isa = PBXBuildFile; fileRef = 050E0CC62C74B8FD00326EEA /* FeedDetailTableViewCell.swift */; };
		050E0CC92C74B92A00326EEA /* HomeViewModel.swift in Sources */ = {isa = PBXBuildFile; fileRef = 050E0CC82C74B92A00326EEA /* HomeViewModel.swift */; };
		050E0CCB2C74B94800326EEA /* FeedDetailViewController.swift in Sources */ = {isa = PBXBuildFile; fileRef = 050E0CCA2C74B94800326EEA /* FeedDetailViewController.swift */; };
		050E0CCD2C74B95B00326EEA /* Team.swift in Sources */ = {isa = PBXBuildFile; fileRef = 050E0CCC2C74B95B00326EEA /* Team.swift */; };
		050E0CD12C74B9A700326EEA /* WriteViewController.swift in Sources */ = {isa = PBXBuildFile; fileRef = 050E0CD02C74B9A700326EEA /* WriteViewController.swift */; };
		050E0CD32C74BA4B00326EEA /* Config.xcconfig in Resources */ = {isa = PBXBuildFile; fileRef = 050E0CD22C74BA4B00326EEA /* Config.xcconfig */; };
		0547F49A2C60D968001E3039 /* AppDelegate.swift in Sources */ = {isa = PBXBuildFile; fileRef = 0547F4992C60D968001E3039 /* AppDelegate.swift */; };
		0547F49C2C60D968001E3039 /* SceneDelegate.swift in Sources */ = {isa = PBXBuildFile; fileRef = 0547F49B2C60D968001E3039 /* SceneDelegate.swift */; };
		0547F4A32C60D96B001E3039 /* Assets.xcassets in Resources */ = {isa = PBXBuildFile; fileRef = 0547F4A22C60D96B001E3039 /* Assets.xcassets */; };
		0547F4A62C60D96B001E3039 /* Base in Resources */ = {isa = PBXBuildFile; fileRef = 0547F4A52C60D96B001E3039 /* Base */; };
		0547F4B72C6215D1001E3039 /* CombineMoya in Frameworks */ = {isa = PBXBuildFile; productRef = 0547F4B62C6215D1001E3039 /* CombineMoya */; };
		0547F4B92C6215D1001E3039 /* Moya in Frameworks */ = {isa = PBXBuildFile; productRef = 0547F4B82C6215D1001E3039 /* Moya */; };
		0547F4BC2C6215F1001E3039 /* SnapKit in Frameworks */ = {isa = PBXBuildFile; productRef = 0547F4BB2C6215F1001E3039 /* SnapKit */; };
		0547F4BE2C621629001E3039 /* UIView+.swift in Sources */ = {isa = PBXBuildFile; fileRef = 0547F4BD2C621629001E3039 /* UIView+.swift */; };
		0547F4C02C62166C001E3039 /* Adjusted+.swift in Sources */ = {isa = PBXBuildFile; fileRef = 0547F4BF2C62166C001E3039 /* Adjusted+.swift */; };
		0547F4C22C621719001E3039 /* UIFont+.swift in Sources */ = {isa = PBXBuildFile; fileRef = 0547F4C12C621719001E3039 /* UIFont+.swift */; };
		0547F4C42C62178C001E3039 /* ImageLiterals.swift in Sources */ = {isa = PBXBuildFile; fileRef = 0547F4C32C62178C001E3039 /* ImageLiterals.swift */; };
		0547F4C62C6217B7001E3039 /* StringLiterals.swift in Sources */ = {isa = PBXBuildFile; fileRef = 0547F4C52C6217B7001E3039 /* StringLiterals.swift */; };
		0547F4C82C621ABC001E3039 /* Color.xcassets in Resources */ = {isa = PBXBuildFile; fileRef = 0547F4C72C621ABC001E3039 /* Color.xcassets */; };
		0547F4D22C622351001E3039 /* Kingfisher in Frameworks */ = {isa = PBXBuildFile; productRef = 0547F4D12C622351001E3039 /* Kingfisher */; };
		0547F4D52C624739001E3039 /* ErrorResponse.swift in Sources */ = {isa = PBXBuildFile; fileRef = 0547F4D42C624739001E3039 /* ErrorResponse.swift */; };
		0547F4D72C624797001E3039 /* NetworkResult.swift in Sources */ = {isa = PBXBuildFile; fileRef = 0547F4D62C624797001E3039 /* NetworkResult.swift */; };
		0547F4D92C6247CE001E3039 /* MoyaLoggingPlugin.swift in Sources */ = {isa = PBXBuildFile; fileRef = 0547F4D82C6247CE001E3039 /* MoyaLoggingPlugin.swift */; };
		0547F4DB2C624821001E3039 /* SuccessResponse.swift in Sources */ = {isa = PBXBuildFile; fileRef = 0547F4DA2C624821001E3039 /* SuccessResponse.swift */; };
		0547F4DD2C62484E001E3039 /* BaseTargetType.swift in Sources */ = {isa = PBXBuildFile; fileRef = 0547F4DC2C62484E001E3039 /* BaseTargetType.swift */; };
		0547F4DF2C62486C001E3039 /* APIConstants.swift in Sources */ = {isa = PBXBuildFile; fileRef = 0547F4DE2C62486C001E3039 /* APIConstants.swift */; };
		0547F4E12C6248A0001E3039 /* BaseAPI.swift in Sources */ = {isa = PBXBuildFile; fileRef = 0547F4E02C6248A0001E3039 /* BaseAPI.swift */; };
		0547F4E62C637F30001E3039 /* WableButton.swift in Sources */ = {isa = PBXBuildFile; fileRef = 0547F4E52C637F30001E3039 /* WableButton.swift */; };
		0547F4E92C63E1BE001E3039 /* WableTabBarController.swift in Sources */ = {isa = PBXBuildFile; fileRef = 0547F4E82C63E1BE001E3039 /* WableTabBarController.swift */; };
		0547F4EB2C64C618001E3039 /* WableTabBarItem.swift in Sources */ = {isa = PBXBuildFile; fileRef = 0547F4EA2C64C618001E3039 /* WableTabBarItem.swift */; };
		0547F4F52C64C76A001E3039 /* HomeViewController.swift in Sources */ = {isa = PBXBuildFile; fileRef = 0547F4F42C64C76A001E3039 /* HomeViewController.swift */; };
		0547F4F82C64C778001E3039 /* InfoViewController.swift in Sources */ = {isa = PBXBuildFile; fileRef = 0547F4F72C64C778001E3039 /* InfoViewController.swift */; };
		0547F4FA2C64C78C001E3039 /* NotificationViewController.swift in Sources */ = {isa = PBXBuildFile; fileRef = 0547F4F92C64C78C001E3039 /* NotificationViewController.swift */; };
		0547F4FC2C64C797001E3039 /* MyPageViewController.swift in Sources */ = {isa = PBXBuildFile; fileRef = 0547F4FB2C64C797001E3039 /* MyPageViewController.swift */; };
		0547F4FF2C64C954001E3039 /* ExampleViewController.swift in Sources */ = {isa = PBXBuildFile; fileRef = 0547F4FE2C64C954001E3039 /* ExampleViewController.swift */; };
		0547F5012C64C99D001E3039 /* ExampleView.swift in Sources */ = {isa = PBXBuildFile; fileRef = 0547F5002C64C99D001E3039 /* ExampleView.swift */; };
		0547F5062C65290A001E3039 /* Lottie in Frameworks */ = {isa = PBXBuildFile; productRef = 0547F5052C65290A001E3039 /* Lottie */; };
		3C35317F2C6F13FF0015A8FA /* Pretendard-Regular.otf in Resources */ = {isa = PBXBuildFile; fileRef = 3C35317C2C6F13FF0015A8FA /* Pretendard-Regular.otf */; };
		3C3531802C6F13FF0015A8FA /* Pretendard-SemiBold.otf in Resources */ = {isa = PBXBuildFile; fileRef = 3C35317D2C6F13FF0015A8FA /* Pretendard-SemiBold.otf */; };
		3C3531822C6F15D30015A8FA /* KeychainWrapper.swift in Sources */ = {isa = PBXBuildFile; fileRef = 3C3531812C6F15D30015A8FA /* KeychainWrapper.swift */; };
		3C3531842C6F16D00015A8FA /* Config.swift in Sources */ = {isa = PBXBuildFile; fileRef = 3C3531832C6F16D00015A8FA /* Config.swift */; };
		3C3531882C6F18C80015A8FA /* KakaoSDK in Frameworks */ = {isa = PBXBuildFile; productRef = 3C3531872C6F18C80015A8FA /* KakaoSDK */; };
		3C35318B2C6F1A040015A8FA /* SplashViewController.swift in Sources */ = {isa = PBXBuildFile; fileRef = 3C35318A2C6F1A040015A8FA /* SplashViewController.swift */; };
		3C35318E2C6F1A850015A8FA /* UserInfo.swift in Sources */ = {isa = PBXBuildFile; fileRef = 3C35318D2C6F1A850015A8FA /* UserInfo.swift */; };
		3C3531922C6F1AEA0015A8FA /* LoginViewController.swift in Sources */ = {isa = PBXBuildFile; fileRef = 3C3531912C6F1AEA0015A8FA /* LoginViewController.swift */; };
		3C3531942C6F1F2A0015A8FA /* UIViewController+.swift in Sources */ = {isa = PBXBuildFile; fileRef = 3C3531932C6F1F2A0015A8FA /* UIViewController+.swift */; };
		3C3531962C6F1FBF0015A8FA /* UILabel+.swift in Sources */ = {isa = PBXBuildFile; fileRef = 3C3531952C6F1FBF0015A8FA /* UILabel+.swift */; };
		3C3531992C6F21A10015A8FA /* LoginViewModel.swift in Sources */ = {isa = PBXBuildFile; fileRef = 3C3531982C6F21A10015A8FA /* LoginViewModel.swift */; };
		3C35319C2C6F22050015A8FA /* ViewModelType.swift in Sources */ = {isa = PBXBuildFile; fileRef = 3C35319B2C6F22050015A8FA /* ViewModelType.swift */; };
		3C35319E2C6F222F0015A8FA /* CancelBag.swift in Sources */ = {isa = PBXBuildFile; fileRef = 3C35319D2C6F222F0015A8FA /* CancelBag.swift */; };
		3C3531A22C6F255D0015A8FA /* JoinLCKYearViewController.swift in Sources */ = {isa = PBXBuildFile; fileRef = 3C3531A12C6F255D0015A8FA /* JoinLCKYearViewController.swift */; };
		3CDE2DE42C6F292B004A84CB /* Publisher+UIControl.swift in Sources */ = {isa = PBXBuildFile; fileRef = 3CDE2DE32C6F292B004A84CB /* Publisher+UIControl.swift */; };
		3CDE2DE62C6F30BA004A84CB /* JoinAgreementViewController.swift in Sources */ = {isa = PBXBuildFile; fileRef = 3CDE2DE52C6F30BA004A84CB /* JoinAgreementViewController.swift */; };
		3CDE2DE82C6F30CE004A84CB /* JoinProfileViewController.swift in Sources */ = {isa = PBXBuildFile; fileRef = 3CDE2DE72C6F30CE004A84CB /* JoinProfileViewController.swift */; };
		3CDE2DEB2C6F318A004A84CB /* JoinAgreementView.swift in Sources */ = {isa = PBXBuildFile; fileRef = 3CDE2DEA2C6F318A004A84CB /* JoinAgreementView.swift */; };
		3CDE2DED2C6F31D9004A84CB /* BackButton.swift in Sources */ = {isa = PBXBuildFile; fileRef = 3CDE2DEC2C6F31D9004A84CB /* BackButton.swift */; };
		3CDE2DEF2C6F3365004A84CB /* JoinAgreementListCustomView.swift in Sources */ = {isa = PBXBuildFile; fileRef = 3CDE2DEE2C6F3365004A84CB /* JoinAgreementListCustomView.swift */; };
		3CDE2DF22C6F3E4E004A84CB /* JoinAgreementViewModel.swift in Sources */ = {isa = PBXBuildFile; fileRef = 3CDE2DF12C6F3E4E004A84CB /* JoinAgreementViewModel.swift */; };
		3CDE2DF42C6F401F004A84CB /* XButton.swift in Sources */ = {isa = PBXBuildFile; fileRef = 3CDE2DF32C6F401F004A84CB /* XButton.swift */; };
		3CDE2DF62C6F4170004A84CB /* JoinLCKYearView.swift in Sources */ = {isa = PBXBuildFile; fileRef = 3CDE2DF52C6F4170004A84CB /* JoinLCKYearView.swift */; };
		3CDE2DFA2C70F89B004A84CB /* JoinLCKYearViewModel.swift in Sources */ = {isa = PBXBuildFile; fileRef = 3CDE2DF92C70F89B004A84CB /* JoinLCKYearViewModel.swift */; };
		3CDE2DFC2C70FAB5004A84CB /* JoinProfileViewModel.swift in Sources */ = {isa = PBXBuildFile; fileRef = 3CDE2DFB2C70FAB5004A84CB /* JoinProfileViewModel.swift */; };
		3CDE2DFE2C71167A004A84CB /* JoinProfileView.swift in Sources */ = {isa = PBXBuildFile; fileRef = 3CDE2DFD2C71167A004A84CB /* JoinProfileView.swift */; };
		3CDE2E002C711A74004A84CB /* UITextField+.swift in Sources */ = {isa = PBXBuildFile; fileRef = 3CDE2DFF2C711A74004A84CB /* UITextField+.swift */; };
		3CDE2E022C711F20004A84CB /* String+.swift in Sources */ = {isa = PBXBuildFile; fileRef = 3CDE2E012C711F20004A84CB /* String+.swift */; };
		3CDE2E042C713470004A84CB /* JoinLCKTeamViewController.swift in Sources */ = {isa = PBXBuildFile; fileRef = 3CDE2E032C713470004A84CB /* JoinLCKTeamViewController.swift */; };
		3CDE2E062C713495004A84CB /* JoinLCKTeamView.swift in Sources */ = {isa = PBXBuildFile; fileRef = 3CDE2E052C713495004A84CB /* JoinLCKTeamView.swift */; };
		3CDE2E082C7137C8004A84CB /* JoinLCKTeamViewModel.swift in Sources */ = {isa = PBXBuildFile; fileRef = 3CDE2E072C7137C8004A84CB /* JoinLCKTeamViewModel.swift */; };
		3CDE2E0B2C71CE30004A84CB /* AppStoreCheckManager.swift in Sources */ = {isa = PBXBuildFile; fileRef = 3CDE2E0A2C71CE30004A84CB /* AppStoreCheckManager.swift */; };
		3CDE2E0E2C71D393004A84CB /* InfoView.swift in Sources */ = {isa = PBXBuildFile; fileRef = 3CDE2E0D2C71D393004A84CB /* InfoView.swift */; };
		3CDE2E102C71D3CA004A84CB /* InfoMatchViewController.swift in Sources */ = {isa = PBXBuildFile; fileRef = 3CDE2E0F2C71D3CA004A84CB /* InfoMatchViewController.swift */; };
		3CDE2E122C71D3DC004A84CB /* InfoRankingViewController.swift in Sources */ = {isa = PBXBuildFile; fileRef = 3CDE2E112C71D3DC004A84CB /* InfoRankingViewController.swift */; };
		3CDE2E142C71D665004A84CB /* InfoSegmentedControl.swift in Sources */ = {isa = PBXBuildFile; fileRef = 3CDE2E132C71D665004A84CB /* InfoSegmentedControl.swift */; };
		3CDE2E172C7232C5004A84CB /* NotificationActivityViewController.swift in Sources */ = {isa = PBXBuildFile; fileRef = 3CDE2E162C7232C5004A84CB /* NotificationActivityViewController.swift */; };
		3CDE2E192C7232DC004A84CB /* NotificationInformationViewController.swift in Sources */ = {isa = PBXBuildFile; fileRef = 3CDE2E182C7232DC004A84CB /* NotificationInformationViewController.swift */; };
		3CDE2E1B2C723305004A84CB /* NotificationView.swift in Sources */ = {isa = PBXBuildFile; fileRef = 3CDE2E1A2C723305004A84CB /* NotificationView.swift */; };
		3CDE2E1D2C723325004A84CB /* NotificationSegmentedControl.swift in Sources */ = {isa = PBXBuildFile; fileRef = 3CDE2E1C2C723325004A84CB /* NotificationSegmentedControl.swift */; };
/* End PBXBuildFile section */

/* Begin PBXFileReference section */
		050E0CA32C74B35500326EEA /* UIApplication+.swift */ = {isa = PBXFileReference; lastKnownFileType = sourcecode.swift; path = "UIApplication+.swift"; sourceTree = "<group>"; };
		050E0CA52C74B70800326EEA /* UIButton+.swift */ = {isa = PBXFileReference; lastKnownFileType = sourcecode.swift; path = "UIButton+.swift"; sourceTree = "<group>"; };
		050E0CA92C74B7A900326EEA /* FeedDetailReplyDTO.swift */ = {isa = PBXFileReference; lastKnownFileType = sourcecode.swift; path = FeedDetailReplyDTO.swift; sourceTree = "<group>"; };
		050E0CAB2C74B7BB00326EEA /* HomeFeedListDTO.swift */ = {isa = PBXFileReference; lastKnownFileType = sourcecode.swift; path = HomeFeedListDTO.swift; sourceTree = "<group>"; };
		050E0CAD2C74B7F100326EEA /* WablePopupView.swift */ = {isa = PBXFileReference; lastKnownFileType = sourcecode.swift; path = WablePopupView.swift; sourceTree = "<group>"; };
		050E0CB42C74B85800326EEA /* HomeView.swift */ = {isa = PBXFileReference; lastKnownFileType = sourcecode.swift; path = HomeView.swift; sourceTree = "<group>"; };
		050E0CB62C74B87400326EEA /* FeedDetailView.swift */ = {isa = PBXFileReference; lastKnownFileType = sourcecode.swift; path = FeedDetailView.swift; sourceTree = "<group>"; };
		050E0CB82C74B88800326EEA /* HomeTabView.swift */ = {isa = PBXFileReference; lastKnownFileType = sourcecode.swift; path = HomeTabView.swift; sourceTree = "<group>"; };
		050E0CBA2C74B89300326EEA /* FeedInfoView.swift */ = {isa = PBXFileReference; lastKnownFileType = sourcecode.swift; path = FeedInfoView.swift; sourceTree = "<group>"; };
		050E0CBC2C74B89C00326EEA /* FeedDetailBottomView.swift */ = {isa = PBXFileReference; lastKnownFileType = sourcecode.swift; path = FeedDetailBottomView.swift; sourceTree = "<group>"; };
		050E0CBE2C74B8A400326EEA /* FeedContentView.swift */ = {isa = PBXFileReference; lastKnownFileType = sourcecode.swift; path = FeedContentView.swift; sourceTree = "<group>"; };
		050E0CC02C74B8AD00326EEA /* FeedBottomWriteView.swift */ = {isa = PBXFileReference; lastKnownFileType = sourcecode.swift; path = FeedBottomWriteView.swift; sourceTree = "<group>"; };
		050E0CC22C74B8B600326EEA /* FeedBottomView.swift */ = {isa = PBXFileReference; lastKnownFileType = sourcecode.swift; path = FeedBottomView.swift; sourceTree = "<group>"; };
		050E0CC42C74B8F000326EEA /* HomeFeedTableViewCell.swift */ = {isa = PBXFileReference; lastKnownFileType = sourcecode.swift; path = HomeFeedTableViewCell.swift; sourceTree = "<group>"; };
		050E0CC62C74B8FD00326EEA /* FeedDetailTableViewCell.swift */ = {isa = PBXFileReference; lastKnownFileType = sourcecode.swift; path = FeedDetailTableViewCell.swift; sourceTree = "<group>"; };
		050E0CC82C74B92A00326EEA /* HomeViewModel.swift */ = {isa = PBXFileReference; lastKnownFileType = sourcecode.swift; path = HomeViewModel.swift; sourceTree = "<group>"; };
		050E0CCA2C74B94800326EEA /* FeedDetailViewController.swift */ = {isa = PBXFileReference; lastKnownFileType = sourcecode.swift; path = FeedDetailViewController.swift; sourceTree = "<group>"; };
		050E0CCC2C74B95B00326EEA /* Team.swift */ = {isa = PBXFileReference; lastKnownFileType = sourcecode.swift; path = Team.swift; sourceTree = "<group>"; };
		050E0CD02C74B9A700326EEA /* WriteViewController.swift */ = {isa = PBXFileReference; lastKnownFileType = sourcecode.swift; path = WriteViewController.swift; sourceTree = "<group>"; };
		050E0CD22C74BA4B00326EEA /* Config.xcconfig */ = {isa = PBXFileReference; fileEncoding = 4; lastKnownFileType = text.xcconfig; name = Config.xcconfig; path = ../../Downloads/Config.xcconfig; sourceTree = "<group>"; };
		0547F4962C60D968001E3039 /* Wable-iOS.app */ = {isa = PBXFileReference; explicitFileType = wrapper.application; includeInIndex = 0; path = "Wable-iOS.app"; sourceTree = BUILT_PRODUCTS_DIR; };
		0547F4992C60D968001E3039 /* AppDelegate.swift */ = {isa = PBXFileReference; lastKnownFileType = sourcecode.swift; path = AppDelegate.swift; sourceTree = "<group>"; };
		0547F49B2C60D968001E3039 /* SceneDelegate.swift */ = {isa = PBXFileReference; lastKnownFileType = sourcecode.swift; path = SceneDelegate.swift; sourceTree = "<group>"; };
		0547F4A22C60D96B001E3039 /* Assets.xcassets */ = {isa = PBXFileReference; lastKnownFileType = folder.assetcatalog; path = Assets.xcassets; sourceTree = "<group>"; };
		0547F4A52C60D96B001E3039 /* Base */ = {isa = PBXFileReference; lastKnownFileType = file.storyboard; name = Base; path = Base.lproj/LaunchScreen.storyboard; sourceTree = "<group>"; };
		0547F4A72C60D96B001E3039 /* Info.plist */ = {isa = PBXFileReference; lastKnownFileType = text.plist.xml; path = Info.plist; sourceTree = "<group>"; };
		0547F4BD2C621629001E3039 /* UIView+.swift */ = {isa = PBXFileReference; lastKnownFileType = sourcecode.swift; path = "UIView+.swift"; sourceTree = "<group>"; };
		0547F4BF2C62166C001E3039 /* Adjusted+.swift */ = {isa = PBXFileReference; lastKnownFileType = sourcecode.swift; path = "Adjusted+.swift"; sourceTree = "<group>"; };
		0547F4C12C621719001E3039 /* UIFont+.swift */ = {isa = PBXFileReference; lastKnownFileType = sourcecode.swift; path = "UIFont+.swift"; sourceTree = "<group>"; };
		0547F4C32C62178C001E3039 /* ImageLiterals.swift */ = {isa = PBXFileReference; lastKnownFileType = sourcecode.swift; path = ImageLiterals.swift; sourceTree = "<group>"; };
		0547F4C52C6217B7001E3039 /* StringLiterals.swift */ = {isa = PBXFileReference; lastKnownFileType = sourcecode.swift; path = StringLiterals.swift; sourceTree = "<group>"; };
		0547F4C72C621ABC001E3039 /* Color.xcassets */ = {isa = PBXFileReference; lastKnownFileType = folder.assetcatalog; path = Color.xcassets; sourceTree = "<group>"; };
		0547F4D42C624739001E3039 /* ErrorResponse.swift */ = {isa = PBXFileReference; lastKnownFileType = sourcecode.swift; path = ErrorResponse.swift; sourceTree = "<group>"; };
		0547F4D62C624797001E3039 /* NetworkResult.swift */ = {isa = PBXFileReference; lastKnownFileType = sourcecode.swift; path = NetworkResult.swift; sourceTree = "<group>"; };
		0547F4D82C6247CE001E3039 /* MoyaLoggingPlugin.swift */ = {isa = PBXFileReference; lastKnownFileType = sourcecode.swift; path = MoyaLoggingPlugin.swift; sourceTree = "<group>"; };
		0547F4DA2C624821001E3039 /* SuccessResponse.swift */ = {isa = PBXFileReference; lastKnownFileType = sourcecode.swift; path = SuccessResponse.swift; sourceTree = "<group>"; };
		0547F4DC2C62484E001E3039 /* BaseTargetType.swift */ = {isa = PBXFileReference; lastKnownFileType = sourcecode.swift; path = BaseTargetType.swift; sourceTree = "<group>"; };
		0547F4DE2C62486C001E3039 /* APIConstants.swift */ = {isa = PBXFileReference; lastKnownFileType = sourcecode.swift; path = APIConstants.swift; sourceTree = "<group>"; };
		0547F4E02C6248A0001E3039 /* BaseAPI.swift */ = {isa = PBXFileReference; lastKnownFileType = sourcecode.swift; path = BaseAPI.swift; sourceTree = "<group>"; };
		0547F4E52C637F30001E3039 /* WableButton.swift */ = {isa = PBXFileReference; lastKnownFileType = sourcecode.swift; path = WableButton.swift; sourceTree = "<group>"; };
		0547F4E82C63E1BE001E3039 /* WableTabBarController.swift */ = {isa = PBXFileReference; lastKnownFileType = sourcecode.swift; path = WableTabBarController.swift; sourceTree = "<group>"; };
		0547F4EA2C64C618001E3039 /* WableTabBarItem.swift */ = {isa = PBXFileReference; lastKnownFileType = sourcecode.swift; path = WableTabBarItem.swift; sourceTree = "<group>"; };
		0547F4F42C64C76A001E3039 /* HomeViewController.swift */ = {isa = PBXFileReference; lastKnownFileType = sourcecode.swift; path = HomeViewController.swift; sourceTree = "<group>"; };
		0547F4F72C64C778001E3039 /* InfoViewController.swift */ = {isa = PBXFileReference; lastKnownFileType = sourcecode.swift; path = InfoViewController.swift; sourceTree = "<group>"; };
		0547F4F92C64C78C001E3039 /* NotificationViewController.swift */ = {isa = PBXFileReference; lastKnownFileType = sourcecode.swift; path = NotificationViewController.swift; sourceTree = "<group>"; };
		0547F4FB2C64C797001E3039 /* MyPageViewController.swift */ = {isa = PBXFileReference; lastKnownFileType = sourcecode.swift; path = MyPageViewController.swift; sourceTree = "<group>"; };
		0547F4FE2C64C954001E3039 /* ExampleViewController.swift */ = {isa = PBXFileReference; lastKnownFileType = sourcecode.swift; path = ExampleViewController.swift; sourceTree = "<group>"; };
		0547F5002C64C99D001E3039 /* ExampleView.swift */ = {isa = PBXFileReference; lastKnownFileType = sourcecode.swift; path = ExampleView.swift; sourceTree = "<group>"; };
		3C35317C2C6F13FF0015A8FA /* Pretendard-Regular.otf */ = {isa = PBXFileReference; lastKnownFileType = file; path = "Pretendard-Regular.otf"; sourceTree = "<group>"; };
		3C35317D2C6F13FF0015A8FA /* Pretendard-SemiBold.otf */ = {isa = PBXFileReference; lastKnownFileType = file; path = "Pretendard-SemiBold.otf"; sourceTree = "<group>"; };
		3C3531812C6F15D30015A8FA /* KeychainWrapper.swift */ = {isa = PBXFileReference; lastKnownFileType = sourcecode.swift; path = KeychainWrapper.swift; sourceTree = "<group>"; };
		3C3531832C6F16D00015A8FA /* Config.swift */ = {isa = PBXFileReference; lastKnownFileType = sourcecode.swift; path = Config.swift; sourceTree = "<group>"; };
		3C35318A2C6F1A040015A8FA /* SplashViewController.swift */ = {isa = PBXFileReference; lastKnownFileType = sourcecode.swift; path = SplashViewController.swift; sourceTree = "<group>"; };
		3C35318D2C6F1A850015A8FA /* UserInfo.swift */ = {isa = PBXFileReference; lastKnownFileType = sourcecode.swift; path = UserInfo.swift; sourceTree = "<group>"; };
		3C3531912C6F1AEA0015A8FA /* LoginViewController.swift */ = {isa = PBXFileReference; lastKnownFileType = sourcecode.swift; path = LoginViewController.swift; sourceTree = "<group>"; };
		3C3531932C6F1F2A0015A8FA /* UIViewController+.swift */ = {isa = PBXFileReference; lastKnownFileType = sourcecode.swift; path = "UIViewController+.swift"; sourceTree = "<group>"; };
		3C3531952C6F1FBF0015A8FA /* UILabel+.swift */ = {isa = PBXFileReference; lastKnownFileType = sourcecode.swift; path = "UILabel+.swift"; sourceTree = "<group>"; };
		3C3531982C6F21A10015A8FA /* LoginViewModel.swift */ = {isa = PBXFileReference; lastKnownFileType = sourcecode.swift; path = LoginViewModel.swift; sourceTree = "<group>"; };
		3C35319B2C6F22050015A8FA /* ViewModelType.swift */ = {isa = PBXFileReference; lastKnownFileType = sourcecode.swift; path = ViewModelType.swift; sourceTree = "<group>"; };
		3C35319D2C6F222F0015A8FA /* CancelBag.swift */ = {isa = PBXFileReference; lastKnownFileType = sourcecode.swift; path = CancelBag.swift; sourceTree = "<group>"; };
		3C3531A12C6F255D0015A8FA /* JoinLCKYearViewController.swift */ = {isa = PBXFileReference; lastKnownFileType = sourcecode.swift; path = JoinLCKYearViewController.swift; sourceTree = "<group>"; };
		3CDE2DE32C6F292B004A84CB /* Publisher+UIControl.swift */ = {isa = PBXFileReference; lastKnownFileType = sourcecode.swift; path = "Publisher+UIControl.swift"; sourceTree = "<group>"; };
		3CDE2DE52C6F30BA004A84CB /* JoinAgreementViewController.swift */ = {isa = PBXFileReference; lastKnownFileType = sourcecode.swift; path = JoinAgreementViewController.swift; sourceTree = "<group>"; };
		3CDE2DE72C6F30CE004A84CB /* JoinProfileViewController.swift */ = {isa = PBXFileReference; lastKnownFileType = sourcecode.swift; path = JoinProfileViewController.swift; sourceTree = "<group>"; };
		3CDE2DEA2C6F318A004A84CB /* JoinAgreementView.swift */ = {isa = PBXFileReference; lastKnownFileType = sourcecode.swift; path = JoinAgreementView.swift; sourceTree = "<group>"; };
		3CDE2DEC2C6F31D9004A84CB /* BackButton.swift */ = {isa = PBXFileReference; lastKnownFileType = sourcecode.swift; path = BackButton.swift; sourceTree = "<group>"; };
		3CDE2DEE2C6F3365004A84CB /* JoinAgreementListCustomView.swift */ = {isa = PBXFileReference; lastKnownFileType = sourcecode.swift; path = JoinAgreementListCustomView.swift; sourceTree = "<group>"; };
		3CDE2DF12C6F3E4E004A84CB /* JoinAgreementViewModel.swift */ = {isa = PBXFileReference; lastKnownFileType = sourcecode.swift; path = JoinAgreementViewModel.swift; sourceTree = "<group>"; };
		3CDE2DF32C6F401F004A84CB /* XButton.swift */ = {isa = PBXFileReference; lastKnownFileType = sourcecode.swift; path = XButton.swift; sourceTree = "<group>"; };
		3CDE2DF52C6F4170004A84CB /* JoinLCKYearView.swift */ = {isa = PBXFileReference; lastKnownFileType = sourcecode.swift; path = JoinLCKYearView.swift; sourceTree = "<group>"; };
		3CDE2DF92C70F89B004A84CB /* JoinLCKYearViewModel.swift */ = {isa = PBXFileReference; lastKnownFileType = sourcecode.swift; path = JoinLCKYearViewModel.swift; sourceTree = "<group>"; };
		3CDE2DFB2C70FAB5004A84CB /* JoinProfileViewModel.swift */ = {isa = PBXFileReference; lastKnownFileType = sourcecode.swift; path = JoinProfileViewModel.swift; sourceTree = "<group>"; };
		3CDE2DFD2C71167A004A84CB /* JoinProfileView.swift */ = {isa = PBXFileReference; lastKnownFileType = sourcecode.swift; path = JoinProfileView.swift; sourceTree = "<group>"; };
		3CDE2DFF2C711A74004A84CB /* UITextField+.swift */ = {isa = PBXFileReference; lastKnownFileType = sourcecode.swift; path = "UITextField+.swift"; sourceTree = "<group>"; };
		3CDE2E012C711F20004A84CB /* String+.swift */ = {isa = PBXFileReference; lastKnownFileType = sourcecode.swift; path = "String+.swift"; sourceTree = "<group>"; };
		3CDE2E032C713470004A84CB /* JoinLCKTeamViewController.swift */ = {isa = PBXFileReference; lastKnownFileType = sourcecode.swift; path = JoinLCKTeamViewController.swift; sourceTree = "<group>"; };
		3CDE2E052C713495004A84CB /* JoinLCKTeamView.swift */ = {isa = PBXFileReference; lastKnownFileType = sourcecode.swift; path = JoinLCKTeamView.swift; sourceTree = "<group>"; };
		3CDE2E072C7137C8004A84CB /* JoinLCKTeamViewModel.swift */ = {isa = PBXFileReference; lastKnownFileType = sourcecode.swift; path = JoinLCKTeamViewModel.swift; sourceTree = "<group>"; };
		3CDE2E0A2C71CE30004A84CB /* AppStoreCheckManager.swift */ = {isa = PBXFileReference; lastKnownFileType = sourcecode.swift; path = AppStoreCheckManager.swift; sourceTree = "<group>"; };
		3CDE2E0D2C71D393004A84CB /* InfoView.swift */ = {isa = PBXFileReference; lastKnownFileType = sourcecode.swift; path = InfoView.swift; sourceTree = "<group>"; };
		3CDE2E0F2C71D3CA004A84CB /* InfoMatchViewController.swift */ = {isa = PBXFileReference; lastKnownFileType = sourcecode.swift; path = InfoMatchViewController.swift; sourceTree = "<group>"; };
		3CDE2E112C71D3DC004A84CB /* InfoRankingViewController.swift */ = {isa = PBXFileReference; lastKnownFileType = sourcecode.swift; path = InfoRankingViewController.swift; sourceTree = "<group>"; };
		3CDE2E132C71D665004A84CB /* InfoSegmentedControl.swift */ = {isa = PBXFileReference; lastKnownFileType = sourcecode.swift; path = InfoSegmentedControl.swift; sourceTree = "<group>"; };
		3CDE2E162C7232C5004A84CB /* NotificationActivityViewController.swift */ = {isa = PBXFileReference; lastKnownFileType = sourcecode.swift; path = NotificationActivityViewController.swift; sourceTree = "<group>"; };
		3CDE2E182C7232DC004A84CB /* NotificationInformationViewController.swift */ = {isa = PBXFileReference; lastKnownFileType = sourcecode.swift; path = NotificationInformationViewController.swift; sourceTree = "<group>"; };
		3CDE2E1A2C723305004A84CB /* NotificationView.swift */ = {isa = PBXFileReference; lastKnownFileType = sourcecode.swift; path = NotificationView.swift; sourceTree = "<group>"; };
		3CDE2E1C2C723325004A84CB /* NotificationSegmentedControl.swift */ = {isa = PBXFileReference; lastKnownFileType = sourcecode.swift; path = NotificationSegmentedControl.swift; sourceTree = "<group>"; };
/* End PBXFileReference section */

/* Begin PBXFrameworksBuildPhase section */
		0547F4932C60D968001E3039 /* Frameworks */ = {
			isa = PBXFrameworksBuildPhase;
			buildActionMask = 2147483647;
			files = (
				0547F5062C65290A001E3039 /* Lottie in Frameworks */,
				0547F4D22C622351001E3039 /* Kingfisher in Frameworks */,
				0547F4BC2C6215F1001E3039 /* SnapKit in Frameworks */,
				0547F4B92C6215D1001E3039 /* Moya in Frameworks */,
				0547F4B72C6215D1001E3039 /* CombineMoya in Frameworks */,
				3C3531882C6F18C80015A8FA /* KakaoSDK in Frameworks */,
			);
			runOnlyForDeploymentPostprocessing = 0;
		};
/* End PBXFrameworksBuildPhase section */

/* Begin PBXGroup section */
		050E0CA72C74B79600326EEA /* Home */ = {
			isa = PBXGroup;
			children = (
				050E0CA82C74B79E00326EEA /* ResponseDTO */,
			);
			path = Home;
			sourceTree = "<group>";
		};
		050E0CA82C74B79E00326EEA /* ResponseDTO */ = {
			isa = PBXGroup;
			children = (
				050E0CA92C74B7A900326EEA /* FeedDetailReplyDTO.swift */,
				050E0CAB2C74B7BB00326EEA /* HomeFeedListDTO.swift */,
			);
			path = ResponseDTO;
			sourceTree = "<group>";
		};
		050E0CAF2C74B82A00326EEA /* Views */ = {
			isa = PBXGroup;
			children = (
				050E0CB32C74B84900326EEA /* Subviews */,
				050E0CB22C74B84500326EEA /* Cells */,
				050E0CB42C74B85800326EEA /* HomeView.swift */,
				050E0CB62C74B87400326EEA /* FeedDetailView.swift */,
			);
			path = Views;
			sourceTree = "<group>";
		};
		050E0CB02C74B83000326EEA /* ViewModels */ = {
			isa = PBXGroup;
			children = (
				050E0CC82C74B92A00326EEA /* HomeViewModel.swift */,
			);
			path = ViewModels;
			sourceTree = "<group>";
		};
		050E0CB12C74B83900326EEA /* Supports */ = {
			isa = PBXGroup;
			children = (
				050E0CCC2C74B95B00326EEA /* Team.swift */,
			);
			path = Supports;
			sourceTree = "<group>";
		};
		050E0CB22C74B84500326EEA /* Cells */ = {
			isa = PBXGroup;
			children = (
				050E0CC42C74B8F000326EEA /* HomeFeedTableViewCell.swift */,
				050E0CC62C74B8FD00326EEA /* FeedDetailTableViewCell.swift */,
			);
			path = Cells;
			sourceTree = "<group>";
		};
		050E0CB32C74B84900326EEA /* Subviews */ = {
			isa = PBXGroup;
			children = (
				050E0CB82C74B88800326EEA /* HomeTabView.swift */,
				050E0CBA2C74B89300326EEA /* FeedInfoView.swift */,
				050E0CBC2C74B89C00326EEA /* FeedDetailBottomView.swift */,
				050E0CBE2C74B8A400326EEA /* FeedContentView.swift */,
				050E0CC02C74B8AD00326EEA /* FeedBottomWriteView.swift */,
				050E0CC22C74B8B600326EEA /* FeedBottomView.swift */,
			);
			path = Subviews;
			sourceTree = "<group>";
		};
		050E0CCE2C74B99200326EEA /* Write */ = {
			isa = PBXGroup;
			children = (
				050E0CCF2C74B99800326EEA /* ViewController */,
			);
			path = Write;
			sourceTree = "<group>";
		};
		050E0CCF2C74B99800326EEA /* ViewController */ = {
			isa = PBXGroup;
			children = (
				050E0CD02C74B9A700326EEA /* WriteViewController.swift */,
			);
			path = ViewController;
			sourceTree = "<group>";
		};
		0547F48D2C60D968001E3039 = {
			isa = PBXGroup;
			children = (
				050E0CD22C74BA4B00326EEA /* Config.xcconfig */,
				0547F4982C60D968001E3039 /* Wable-iOS */,
				0547F4972C60D968001E3039 /* Products */,
			);
			sourceTree = "<group>";
		};
		0547F4972C60D968001E3039 /* Products */ = {
			isa = PBXGroup;
			children = (
				0547F4962C60D968001E3039 /* Wable-iOS.app */,
			);
			name = Products;
			sourceTree = "<group>";
		};
		0547F4982C60D968001E3039 /* Wable-iOS */ = {
			isa = PBXGroup;
			children = (
				0547F4B02C60E247001E3039 /* Presentation */,
				0547F4AF2C60E240001E3039 /* Network */,
				0547F4AE2C60E238001E3039 /* Global */,
				0547F4AD2C60E22F001E3039 /* Application */,
				0547F4A42C60D96B001E3039 /* LaunchScreen.storyboard */,
			);
			path = "Wable-iOS";
			sourceTree = "<group>";
		};
		0547F4AD2C60E22F001E3039 /* Application */ = {
			isa = PBXGroup;
			children = (
				0547F49B2C60D968001E3039 /* SceneDelegate.swift */,
				0547F4992C60D968001E3039 /* AppDelegate.swift */,
			);
			path = Application;
			sourceTree = "<group>";
		};
		0547F4AE2C60E238001E3039 /* Global */ = {
			isa = PBXGroup;
			children = (
				0547F4E42C637F04001E3039 /* UIComponent */,
				0547F4B32C60E31C001E3039 /* Resources */,
				0547F4B22C60E30B001E3039 /* Literals */,
				0547F4B12C60E301001E3039 /* Extention */,
				3CDE2E092C71CE1B004A84CB /* Shared */,
				3C35319A2C6F21DB0015A8FA /* Protocol */,
			);
			path = Global;
			sourceTree = "<group>";
		};
		0547F4AF2C60E240001E3039 /* Network */ = {
			isa = PBXGroup;
			children = (
				050E0CA72C74B79600326EEA /* Home */,
				0547F4D32C624715001E3039 /* Foundation */,
			);
			path = Network;
			sourceTree = "<group>";
		};
		0547F4B02C60E247001E3039 /* Presentation */ = {
			isa = PBXGroup;
			children = (
				050E0CCE2C74B99200326EEA /* Write */,
				3C35318C2C6F1A750015A8FA /* Helpers */,
				3C3531892C6F19F30015A8FA /* Splash */,
				3C35318F2C6F1AC00015A8FA /* Login */,
				3C35319F2C6F25300015A8FA /* Join */,
				0547F4FD2C64C947001E3039 /* Example */,
				0547F4EF2C64C6FA001E3039 /* MyPage */,
				0547F4EE2C64C6F3001E3039 /* Notification */,
				0547F4ED2C64C6EF001E3039 /* Info */,
				0547F4EC2C64C6EB001E3039 /* Home */,
				0547F4E72C63E164001E3039 /* TabBar */,
			);
			path = Presentation;
			sourceTree = "<group>";
		};
		0547F4B12C60E301001E3039 /* Extention */ = {
			isa = PBXGroup;
			children = (
				0547F4BF2C62166C001E3039 /* Adjusted+.swift */,
				0547F4BD2C621629001E3039 /* UIView+.swift */,
				3C3531932C6F1F2A0015A8FA /* UIViewController+.swift */,
				3CDE2DFF2C711A74004A84CB /* UITextField+.swift */,
				0547F4C12C621719001E3039 /* UIFont+.swift */,
				3C3531952C6F1FBF0015A8FA /* UILabel+.swift */,
				3CDE2E012C711F20004A84CB /* String+.swift */,
				3CDE2DE32C6F292B004A84CB /* Publisher+UIControl.swift */,
				050E0CA32C74B35500326EEA /* UIApplication+.swift */,
				050E0CA52C74B70800326EEA /* UIButton+.swift */,
			);
			path = Extention;
			sourceTree = "<group>";
		};
		0547F4B22C60E30B001E3039 /* Literals */ = {
			isa = PBXGroup;
			children = (
				0547F4C32C62178C001E3039 /* ImageLiterals.swift */,
				0547F4C52C6217B7001E3039 /* StringLiterals.swift */,
			);
			path = Literals;
			sourceTree = "<group>";
		};
		0547F4B32C60E31C001E3039 /* Resources */ = {
			isa = PBXGroup;
			children = (
				3C35317E2C6F13FF0015A8FA /* Font */,
				0547F4A22C60D96B001E3039 /* Assets.xcassets */,
				0547F4C72C621ABC001E3039 /* Color.xcassets */,
				0547F4A72C60D96B001E3039 /* Info.plist */,
			);
			path = Resources;
			sourceTree = "<group>";
		};
		0547F4D32C624715001E3039 /* Foundation */ = {
			isa = PBXGroup;
			children = (
				0547F4D42C624739001E3039 /* ErrorResponse.swift */,
				0547F4D62C624797001E3039 /* NetworkResult.swift */,
				0547F4D82C6247CE001E3039 /* MoyaLoggingPlugin.swift */,
				0547F4DA2C624821001E3039 /* SuccessResponse.swift */,
				0547F4DC2C62484E001E3039 /* BaseTargetType.swift */,
				0547F4DE2C62486C001E3039 /* APIConstants.swift */,
				0547F4E02C6248A0001E3039 /* BaseAPI.swift */,
				3C3531812C6F15D30015A8FA /* KeychainWrapper.swift */,
				3C3531832C6F16D00015A8FA /* Config.swift */,
			);
			path = Foundation;
			sourceTree = "<group>";
		};
		0547F4E42C637F04001E3039 /* UIComponent */ = {
			isa = PBXGroup;
			children = (
				0547F4E52C637F30001E3039 /* WableButton.swift */,
			);
			path = UIComponent;
			sourceTree = "<group>";
		};
		0547F4E72C63E164001E3039 /* TabBar */ = {
			isa = PBXGroup;
			children = (
				0547F4E82C63E1BE001E3039 /* WableTabBarController.swift */,
				0547F4EA2C64C618001E3039 /* WableTabBarItem.swift */,
			);
			path = TabBar;
			sourceTree = "<group>";
		};
		0547F4EC2C64C6EB001E3039 /* Home */ = {
			isa = PBXGroup;
			children = (
				050E0CB12C74B83900326EEA /* Supports */,
				050E0CB02C74B83000326EEA /* ViewModels */,
				050E0CAF2C74B82A00326EEA /* Views */,
				0547F4F02C64C706001E3039 /* ViewController */,
			);
			path = Home;
			sourceTree = "<group>";
		};
		0547F4ED2C64C6EF001E3039 /* Info */ = {
			isa = PBXGroup;
			children = (
				3CDE2E0C2C71D384004A84CB /* View */,
				0547F4F12C64C70B001E3039 /* ViewController */,
			);
			path = Info;
			sourceTree = "<group>";
		};
		0547F4EE2C64C6F3001E3039 /* Notification */ = {
			isa = PBXGroup;
			children = (
				3CDE2E152C723227004A84CB /* View */,
				0547F4F22C64C759001E3039 /* ViewController */,
			);
			path = Notification;
			sourceTree = "<group>";
		};
		0547F4EF2C64C6FA001E3039 /* MyPage */ = {
			isa = PBXGroup;
			children = (
				0547F4F32C64C75F001E3039 /* ViewController */,
			);
			path = MyPage;
			sourceTree = "<group>";
		};
		0547F4F02C64C706001E3039 /* ViewController */ = {
			isa = PBXGroup;
			children = (
				0547F4F42C64C76A001E3039 /* HomeViewController.swift */,
				050E0CCA2C74B94800326EEA /* FeedDetailViewController.swift */,
			);
			path = ViewController;
			sourceTree = "<group>";
		};
		0547F4F12C64C70B001E3039 /* ViewController */ = {
			isa = PBXGroup;
			children = (
				0547F4F72C64C778001E3039 /* InfoViewController.swift */,
				3CDE2E0F2C71D3CA004A84CB /* InfoMatchViewController.swift */,
				3CDE2E112C71D3DC004A84CB /* InfoRankingViewController.swift */,
			);
			path = ViewController;
			sourceTree = "<group>";
		};
		0547F4F22C64C759001E3039 /* ViewController */ = {
			isa = PBXGroup;
			children = (
				0547F4F92C64C78C001E3039 /* NotificationViewController.swift */,
				3CDE2E162C7232C5004A84CB /* NotificationActivityViewController.swift */,
				3CDE2E182C7232DC004A84CB /* NotificationInformationViewController.swift */,
			);
			path = ViewController;
			sourceTree = "<group>";
		};
		0547F4F32C64C75F001E3039 /* ViewController */ = {
			isa = PBXGroup;
			children = (
				0547F4FB2C64C797001E3039 /* MyPageViewController.swift */,
			);
			path = ViewController;
			sourceTree = "<group>";
		};
		0547F4FD2C64C947001E3039 /* Example */ = {
			isa = PBXGroup;
			children = (
				0547F4FE2C64C954001E3039 /* ExampleViewController.swift */,
				0547F5002C64C99D001E3039 /* ExampleView.swift */,
			);
			path = Example;
			sourceTree = "<group>";
		};
		3C35317E2C6F13FF0015A8FA /* Font */ = {
			isa = PBXGroup;
			children = (
				3C35317C2C6F13FF0015A8FA /* Pretendard-Regular.otf */,
				3C35317D2C6F13FF0015A8FA /* Pretendard-SemiBold.otf */,
			);
			path = Font;
			sourceTree = "<group>";
		};
		3C3531892C6F19F30015A8FA /* Splash */ = {
			isa = PBXGroup;
			children = (
				3C35318A2C6F1A040015A8FA /* SplashViewController.swift */,
			);
			path = Splash;
			sourceTree = "<group>";
		};
		3C35318C2C6F1A750015A8FA /* Helpers */ = {
			isa = PBXGroup;
			children = (
				3C35318D2C6F1A850015A8FA /* UserInfo.swift */,
				3C35319D2C6F222F0015A8FA /* CancelBag.swift */,
				3CDE2DEC2C6F31D9004A84CB /* BackButton.swift */,
				3CDE2DF32C6F401F004A84CB /* XButton.swift */,
				050E0CAD2C74B7F100326EEA /* WablePopupView.swift */,
			);
			path = Helpers;
			sourceTree = "<group>";
		};
		3C35318F2C6F1AC00015A8FA /* Login */ = {
			isa = PBXGroup;
			children = (
				3C3531902C6F1ADB0015A8FA /* ViewController */,
				3C3531972C6F216E0015A8FA /* ViewModel */,
			);
			path = Login;
			sourceTree = "<group>";
		};
		3C3531902C6F1ADB0015A8FA /* ViewController */ = {
			isa = PBXGroup;
			children = (
				3C3531912C6F1AEA0015A8FA /* LoginViewController.swift */,
			);
			path = ViewController;
			sourceTree = "<group>";
		};
		3C3531972C6F216E0015A8FA /* ViewModel */ = {
			isa = PBXGroup;
			children = (
				3C3531982C6F21A10015A8FA /* LoginViewModel.swift */,
			);
			path = ViewModel;
			sourceTree = "<group>";
		};
		3C35319A2C6F21DB0015A8FA /* Protocol */ = {
			isa = PBXGroup;
			children = (
				3C35319B2C6F22050015A8FA /* ViewModelType.swift */,
			);
			path = Protocol;
			sourceTree = "<group>";
		};
		3C35319F2C6F25300015A8FA /* Join */ = {
			isa = PBXGroup;
			children = (
				3CDE2DE92C6F315C004A84CB /* View */,
				3C3531A02C6F25400015A8FA /* ViewController */,
				3CDE2DF02C6F3E2F004A84CB /* ViewModel */,
			);
			path = Join;
			sourceTree = "<group>";
		};
		3C3531A02C6F25400015A8FA /* ViewController */ = {
			isa = PBXGroup;
			children = (
				3C3531A12C6F255D0015A8FA /* JoinLCKYearViewController.swift */,
				3CDE2E032C713470004A84CB /* JoinLCKTeamViewController.swift */,
				3CDE2DE72C6F30CE004A84CB /* JoinProfileViewController.swift */,
				3CDE2DE52C6F30BA004A84CB /* JoinAgreementViewController.swift */,
			);
			path = ViewController;
			sourceTree = "<group>";
		};
		3CDE2DE92C6F315C004A84CB /* View */ = {
			isa = PBXGroup;
			children = (
				3CDE2DF52C6F4170004A84CB /* JoinLCKYearView.swift */,
				3CDE2E052C713495004A84CB /* JoinLCKTeamView.swift */,
				3CDE2DFD2C71167A004A84CB /* JoinProfileView.swift */,
				3CDE2DEA2C6F318A004A84CB /* JoinAgreementView.swift */,
				3CDE2DEE2C6F3365004A84CB /* JoinAgreementListCustomView.swift */,
			);
			path = View;
			sourceTree = "<group>";
		};
		3CDE2DF02C6F3E2F004A84CB /* ViewModel */ = {
			isa = PBXGroup;
			children = (
				3CDE2DF92C70F89B004A84CB /* JoinLCKYearViewModel.swift */,
				3CDE2E072C7137C8004A84CB /* JoinLCKTeamViewModel.swift */,
				3CDE2DFB2C70FAB5004A84CB /* JoinProfileViewModel.swift */,
				3CDE2DF12C6F3E4E004A84CB /* JoinAgreementViewModel.swift */,
			);
			path = ViewModel;
			sourceTree = "<group>";
		};
		3CDE2E092C71CE1B004A84CB /* Shared */ = {
			isa = PBXGroup;
			children = (
				3CDE2E0A2C71CE30004A84CB /* AppStoreCheckManager.swift */,
			);
			path = Shared;
			sourceTree = "<group>";
		};
		3CDE2E0C2C71D384004A84CB /* View */ = {
			isa = PBXGroup;
			children = (
				3CDE2E0D2C71D393004A84CB /* InfoView.swift */,
				3CDE2E132C71D665004A84CB /* InfoSegmentedControl.swift */,
			);
			path = View;
			sourceTree = "<group>";
		};
		3CDE2E152C723227004A84CB /* View */ = {
			isa = PBXGroup;
			children = (
				3CDE2E1A2C723305004A84CB /* NotificationView.swift */,
				3CDE2E1C2C723325004A84CB /* NotificationSegmentedControl.swift */,
			);
			path = View;
			sourceTree = "<group>";
		};
/* End PBXGroup section */

/* Begin PBXNativeTarget section */
		0547F4952C60D968001E3039 /* Wable-iOS */ = {
			isa = PBXNativeTarget;
			buildConfigurationList = 0547F4AA2C60D96B001E3039 /* Build configuration list for PBXNativeTarget "Wable-iOS" */;
			buildPhases = (
				0547F4922C60D968001E3039 /* Sources */,
				0547F4932C60D968001E3039 /* Frameworks */,
				0547F4942C60D968001E3039 /* Resources */,
			);
			buildRules = (
			);
			dependencies = (
			);
			name = "Wable-iOS";
			packageProductDependencies = (
				0547F4B62C6215D1001E3039 /* CombineMoya */,
				0547F4B82C6215D1001E3039 /* Moya */,
				0547F4BB2C6215F1001E3039 /* SnapKit */,
				0547F4D12C622351001E3039 /* Kingfisher */,
				0547F5052C65290A001E3039 /* Lottie */,
				3C3531872C6F18C80015A8FA /* KakaoSDK */,
			);
			productName = "Wable-iOS";
			productReference = 0547F4962C60D968001E3039 /* Wable-iOS.app */;
			productType = "com.apple.product-type.application";
		};
/* End PBXNativeTarget section */

/* Begin PBXProject section */
		0547F48E2C60D968001E3039 /* Project object */ = {
			isa = PBXProject;
			attributes = {
				BuildIndependentTargetsInParallel = 1;
				LastSwiftUpdateCheck = 1540;
				LastUpgradeCheck = 1540;
				TargetAttributes = {
					0547F4952C60D968001E3039 = {
						CreatedOnToolsVersion = 15.4;
					};
				};
			};
			buildConfigurationList = 0547F4912C60D968001E3039 /* Build configuration list for PBXProject "Wable-iOS" */;
			compatibilityVersion = "Xcode 14.0";
			developmentRegion = en;
			hasScannedForEncodings = 0;
			knownRegions = (
				en,
				Base,
			);
			mainGroup = 0547F48D2C60D968001E3039;
			packageReferences = (
				0547F4B52C6215D1001E3039 /* XCRemoteSwiftPackageReference "Moya" */,
				0547F4BA2C6215F1001E3039 /* XCRemoteSwiftPackageReference "SnapKit" */,
				0547F4D02C622351001E3039 /* XCRemoteSwiftPackageReference "Kingfisher" */,
				0547F5042C652909001E3039 /* XCRemoteSwiftPackageReference "lottie-ios" */,
				3C3531862C6F18C80015A8FA /* XCRemoteSwiftPackageReference "kakao-ios-sdk" */,
			);
			productRefGroup = 0547F4972C60D968001E3039 /* Products */;
			projectDirPath = "";
			projectRoot = "";
			targets = (
				0547F4952C60D968001E3039 /* Wable-iOS */,
			);
		};
/* End PBXProject section */

/* Begin PBXResourcesBuildPhase section */
		0547F4942C60D968001E3039 /* Resources */ = {
			isa = PBXResourcesBuildPhase;
			buildActionMask = 2147483647;
			files = (
				0547F4A32C60D96B001E3039 /* Assets.xcassets in Resources */,
				3C35317F2C6F13FF0015A8FA /* Pretendard-Regular.otf in Resources */,
				3C3531802C6F13FF0015A8FA /* Pretendard-SemiBold.otf in Resources */,
				0547F4A62C60D96B001E3039 /* Base in Resources */,
				050E0CD32C74BA4B00326EEA /* Config.xcconfig in Resources */,
				0547F4C82C621ABC001E3039 /* Color.xcassets in Resources */,
			);
			runOnlyForDeploymentPostprocessing = 0;
		};
/* End PBXResourcesBuildPhase section */

/* Begin PBXSourcesBuildPhase section */
		0547F4922C60D968001E3039 /* Sources */ = {
			isa = PBXSourcesBuildPhase;
			buildActionMask = 2147483647;
			files = (
				050E0CBF2C74B8A400326EEA /* FeedContentView.swift in Sources */,
				3C3531922C6F1AEA0015A8FA /* LoginViewController.swift in Sources */,
				0547F4DB2C624821001E3039 /* SuccessResponse.swift in Sources */,
				3CDE2DF62C6F4170004A84CB /* JoinLCKYearView.swift in Sources */,
				0547F4D52C624739001E3039 /* ErrorResponse.swift in Sources */,
				050E0CCB2C74B94800326EEA /* FeedDetailViewController.swift in Sources */,
				0547F4F52C64C76A001E3039 /* HomeViewController.swift in Sources */,
				0547F4D72C624797001E3039 /* NetworkResult.swift in Sources */,
				3CDE2E042C713470004A84CB /* JoinLCKTeamViewController.swift in Sources */,
				0547F4E62C637F30001E3039 /* WableButton.swift in Sources */,
				0547F4BE2C621629001E3039 /* UIView+.swift in Sources */,
				3CDE2DE82C6F30CE004A84CB /* JoinProfileViewController.swift in Sources */,
				050E0CBD2C74B89C00326EEA /* FeedDetailBottomView.swift in Sources */,
				0547F4DD2C62484E001E3039 /* BaseTargetType.swift in Sources */,
				050E0CB92C74B88800326EEA /* HomeTabView.swift in Sources */,
				3CDE2E022C711F20004A84CB /* String+.swift in Sources */,
				3C35319E2C6F222F0015A8FA /* CancelBag.swift in Sources */,
				0547F4D92C6247CE001E3039 /* MoyaLoggingPlugin.swift in Sources */,
				3CDE2E142C71D665004A84CB /* InfoSegmentedControl.swift in Sources */,
				050E0CC52C74B8F000326EEA /* HomeFeedTableViewCell.swift in Sources */,
				050E0CC92C74B92A00326EEA /* HomeViewModel.swift in Sources */,
				3CDE2DED2C6F31D9004A84CB /* BackButton.swift in Sources */,
				0547F49A2C60D968001E3039 /* AppDelegate.swift in Sources */,
				050E0CC32C74B8B600326EEA /* FeedBottomView.swift in Sources */,
				0547F4DF2C62486C001E3039 /* APIConstants.swift in Sources */,
				3CDE2E002C711A74004A84CB /* UITextField+.swift in Sources */,
				0547F5012C64C99D001E3039 /* ExampleView.swift in Sources */,
				3CDE2DFA2C70F89B004A84CB /* JoinLCKYearViewModel.swift in Sources */,
				050E0CA62C74B70800326EEA /* UIButton+.swift in Sources */,
				3C3531962C6F1FBF0015A8FA /* UILabel+.swift in Sources */,
				0547F4E12C6248A0001E3039 /* BaseAPI.swift in Sources */,
				3CDE2E172C7232C5004A84CB /* NotificationActivityViewController.swift in Sources */,
				3CDE2E1B2C723305004A84CB /* NotificationView.swift in Sources */,
				3CDE2E1D2C723325004A84CB /* NotificationSegmentedControl.swift in Sources */,
				050E0CB52C74B85800326EEA /* HomeView.swift in Sources */,
				3C3531842C6F16D00015A8FA /* Config.swift in Sources */,
				0547F4C02C62166C001E3039 /* Adjusted+.swift in Sources */,
				3CDE2DE62C6F30BA004A84CB /* JoinAgreementViewController.swift in Sources */,
				0547F4C22C621719001E3039 /* UIFont+.swift in Sources */,
				3CDE2DFC2C70FAB5004A84CB /* JoinProfileViewModel.swift in Sources */,
				3C3531992C6F21A10015A8FA /* LoginViewModel.swift in Sources */,
				0547F4C42C62178C001E3039 /* ImageLiterals.swift in Sources */,
				0547F4EB2C64C618001E3039 /* WableTabBarItem.swift in Sources */,
				3CDE2E062C713495004A84CB /* JoinLCKTeamView.swift in Sources */,
				050E0CAE2C74B7F100326EEA /* WablePopupView.swift in Sources */,
				3CDE2E082C7137C8004A84CB /* JoinLCKTeamViewModel.swift in Sources */,
				0547F4FF2C64C954001E3039 /* ExampleViewController.swift in Sources */,
				050E0CBB2C74B89300326EEA /* FeedInfoView.swift in Sources */,
				0547F4F82C64C778001E3039 /* InfoViewController.swift in Sources */,
				3C35318B2C6F1A040015A8FA /* SplashViewController.swift in Sources */,
				3CDE2E102C71D3CA004A84CB /* InfoMatchViewController.swift in Sources */,
				3CDE2DE42C6F292B004A84CB /* Publisher+UIControl.swift in Sources */,
				0547F4FC2C64C797001E3039 /* MyPageViewController.swift in Sources */,
				0547F4FA2C64C78C001E3039 /* NotificationViewController.swift in Sources */,
				050E0CCD2C74B95B00326EEA /* Team.swift in Sources */,
				0547F4E92C63E1BE001E3039 /* WableTabBarController.swift in Sources */,
				050E0CC12C74B8AD00326EEA /* FeedBottomWriteView.swift in Sources */,
				3C3531942C6F1F2A0015A8FA /* UIViewController+.swift in Sources */,
				3CDE2E0B2C71CE30004A84CB /* AppStoreCheckManager.swift in Sources */,
				3C3531A22C6F255D0015A8FA /* JoinLCKYearViewController.swift in Sources */,
				050E0CAC2C74B7BB00326EEA /* HomeFeedListDTO.swift in Sources */,
				3CDE2DFE2C71167A004A84CB /* JoinProfileView.swift in Sources */,
				3CDE2E192C7232DC004A84CB /* NotificationInformationViewController.swift in Sources */,
				3C3531822C6F15D30015A8FA /* KeychainWrapper.swift in Sources */,
				3CDE2E0E2C71D393004A84CB /* InfoView.swift in Sources */,
				3CDE2DEF2C6F3365004A84CB /* JoinAgreementListCustomView.swift in Sources */,
				050E0CD12C74B9A700326EEA /* WriteViewController.swift in Sources */,
				050E0CAA2C74B7A900326EEA /* FeedDetailReplyDTO.swift in Sources */,
				3C35319C2C6F22050015A8FA /* ViewModelType.swift in Sources */,
				3CDE2DF42C6F401F004A84CB /* XButton.swift in Sources */,
				050E0CC72C74B8FD00326EEA /* FeedDetailTableViewCell.swift in Sources */,
				0547F4C62C6217B7001E3039 /* StringLiterals.swift in Sources */,
				050E0CA42C74B35500326EEA /* UIApplication+.swift in Sources */,
				050E0CB72C74B87400326EEA /* FeedDetailView.swift in Sources */,
				3C35318E2C6F1A850015A8FA /* UserInfo.swift in Sources */,
				0547F49C2C60D968001E3039 /* SceneDelegate.swift in Sources */,
				3CDE2DEB2C6F318A004A84CB /* JoinAgreementView.swift in Sources */,
				3CDE2DF22C6F3E4E004A84CB /* JoinAgreementViewModel.swift in Sources */,
				3CDE2E122C71D3DC004A84CB /* InfoRankingViewController.swift in Sources */,
			);
			runOnlyForDeploymentPostprocessing = 0;
		};
/* End PBXSourcesBuildPhase section */

/* Begin PBXVariantGroup section */
		0547F4A42C60D96B001E3039 /* LaunchScreen.storyboard */ = {
			isa = PBXVariantGroup;
			children = (
				0547F4A52C60D96B001E3039 /* Base */,
			);
			name = LaunchScreen.storyboard;
			sourceTree = "<group>";
		};
/* End PBXVariantGroup section */

/* Begin XCBuildConfiguration section */
		0547F4A82C60D96B001E3039 /* Debug */ = {
			isa = XCBuildConfiguration;
			buildSettings = {
				ALWAYS_SEARCH_USER_PATHS = NO;
				ASSETCATALOG_COMPILER_GENERATE_SWIFT_ASSET_SYMBOL_EXTENSIONS = YES;
				CLANG_ANALYZER_NONNULL = YES;
				CLANG_ANALYZER_NUMBER_OBJECT_CONVERSION = YES_AGGRESSIVE;
				CLANG_CXX_LANGUAGE_STANDARD = "gnu++20";
				CLANG_ENABLE_MODULES = YES;
				CLANG_ENABLE_OBJC_ARC = YES;
				CLANG_ENABLE_OBJC_WEAK = YES;
				CLANG_WARN_BLOCK_CAPTURE_AUTORELEASING = YES;
				CLANG_WARN_BOOL_CONVERSION = YES;
				CLANG_WARN_COMMA = YES;
				CLANG_WARN_CONSTANT_CONVERSION = YES;
				CLANG_WARN_DEPRECATED_OBJC_IMPLEMENTATIONS = YES;
				CLANG_WARN_DIRECT_OBJC_ISA_USAGE = YES_ERROR;
				CLANG_WARN_DOCUMENTATION_COMMENTS = YES;
				CLANG_WARN_EMPTY_BODY = YES;
				CLANG_WARN_ENUM_CONVERSION = YES;
				CLANG_WARN_INFINITE_RECURSION = YES;
				CLANG_WARN_INT_CONVERSION = YES;
				CLANG_WARN_NON_LITERAL_NULL_CONVERSION = YES;
				CLANG_WARN_OBJC_IMPLICIT_RETAIN_SELF = YES;
				CLANG_WARN_OBJC_LITERAL_CONVERSION = YES;
				CLANG_WARN_OBJC_ROOT_CLASS = YES_ERROR;
				CLANG_WARN_QUOTED_INCLUDE_IN_FRAMEWORK_HEADER = YES;
				CLANG_WARN_RANGE_LOOP_ANALYSIS = YES;
				CLANG_WARN_STRICT_PROTOTYPES = YES;
				CLANG_WARN_SUSPICIOUS_MOVE = YES;
				CLANG_WARN_UNGUARDED_AVAILABILITY = YES_AGGRESSIVE;
				CLANG_WARN_UNREACHABLE_CODE = YES;
				CLANG_WARN__DUPLICATE_METHOD_MATCH = YES;
				COPY_PHASE_STRIP = NO;
				DEBUG_INFORMATION_FORMAT = dwarf;
				ENABLE_STRICT_OBJC_MSGSEND = YES;
				ENABLE_TESTABILITY = YES;
				ENABLE_USER_SCRIPT_SANDBOXING = YES;
				GCC_C_LANGUAGE_STANDARD = gnu17;
				GCC_DYNAMIC_NO_PIC = NO;
				GCC_NO_COMMON_BLOCKS = YES;
				GCC_OPTIMIZATION_LEVEL = 0;
				GCC_PREPROCESSOR_DEFINITIONS = (
					"DEBUG=1",
					"$(inherited)",
				);
				GCC_WARN_64_TO_32_BIT_CONVERSION = YES;
				GCC_WARN_ABOUT_RETURN_TYPE = YES_ERROR;
				GCC_WARN_UNDECLARED_SELECTOR = YES;
				GCC_WARN_UNINITIALIZED_AUTOS = YES_AGGRESSIVE;
				GCC_WARN_UNUSED_FUNCTION = YES;
				GCC_WARN_UNUSED_VARIABLE = YES;
				IPHONEOS_DEPLOYMENT_TARGET = 17.5;
				LOCALIZATION_PREFERS_STRING_CATALOGS = YES;
				MTL_ENABLE_DEBUG_INFO = INCLUDE_SOURCE;
				MTL_FAST_MATH = YES;
				ONLY_ACTIVE_ARCH = YES;
				SDKROOT = iphoneos;
				SWIFT_ACTIVE_COMPILATION_CONDITIONS = "DEBUG $(inherited)";
				SWIFT_OPTIMIZATION_LEVEL = "-Onone";
			};
			name = Debug;
		};
		0547F4A92C60D96B001E3039 /* Release */ = {
			isa = XCBuildConfiguration;
			buildSettings = {
				ALWAYS_SEARCH_USER_PATHS = NO;
				ASSETCATALOG_COMPILER_GENERATE_SWIFT_ASSET_SYMBOL_EXTENSIONS = YES;
				CLANG_ANALYZER_NONNULL = YES;
				CLANG_ANALYZER_NUMBER_OBJECT_CONVERSION = YES_AGGRESSIVE;
				CLANG_CXX_LANGUAGE_STANDARD = "gnu++20";
				CLANG_ENABLE_MODULES = YES;
				CLANG_ENABLE_OBJC_ARC = YES;
				CLANG_ENABLE_OBJC_WEAK = YES;
				CLANG_WARN_BLOCK_CAPTURE_AUTORELEASING = YES;
				CLANG_WARN_BOOL_CONVERSION = YES;
				CLANG_WARN_COMMA = YES;
				CLANG_WARN_CONSTANT_CONVERSION = YES;
				CLANG_WARN_DEPRECATED_OBJC_IMPLEMENTATIONS = YES;
				CLANG_WARN_DIRECT_OBJC_ISA_USAGE = YES_ERROR;
				CLANG_WARN_DOCUMENTATION_COMMENTS = YES;
				CLANG_WARN_EMPTY_BODY = YES;
				CLANG_WARN_ENUM_CONVERSION = YES;
				CLANG_WARN_INFINITE_RECURSION = YES;
				CLANG_WARN_INT_CONVERSION = YES;
				CLANG_WARN_NON_LITERAL_NULL_CONVERSION = YES;
				CLANG_WARN_OBJC_IMPLICIT_RETAIN_SELF = YES;
				CLANG_WARN_OBJC_LITERAL_CONVERSION = YES;
				CLANG_WARN_OBJC_ROOT_CLASS = YES_ERROR;
				CLANG_WARN_QUOTED_INCLUDE_IN_FRAMEWORK_HEADER = YES;
				CLANG_WARN_RANGE_LOOP_ANALYSIS = YES;
				CLANG_WARN_STRICT_PROTOTYPES = YES;
				CLANG_WARN_SUSPICIOUS_MOVE = YES;
				CLANG_WARN_UNGUARDED_AVAILABILITY = YES_AGGRESSIVE;
				CLANG_WARN_UNREACHABLE_CODE = YES;
				CLANG_WARN__DUPLICATE_METHOD_MATCH = YES;
				COPY_PHASE_STRIP = NO;
				DEBUG_INFORMATION_FORMAT = "dwarf-with-dsym";
				ENABLE_NS_ASSERTIONS = NO;
				ENABLE_STRICT_OBJC_MSGSEND = YES;
				ENABLE_USER_SCRIPT_SANDBOXING = YES;
				GCC_C_LANGUAGE_STANDARD = gnu17;
				GCC_NO_COMMON_BLOCKS = YES;
				GCC_WARN_64_TO_32_BIT_CONVERSION = YES;
				GCC_WARN_ABOUT_RETURN_TYPE = YES_ERROR;
				GCC_WARN_UNDECLARED_SELECTOR = YES;
				GCC_WARN_UNINITIALIZED_AUTOS = YES_AGGRESSIVE;
				GCC_WARN_UNUSED_FUNCTION = YES;
				GCC_WARN_UNUSED_VARIABLE = YES;
				IPHONEOS_DEPLOYMENT_TARGET = 17.5;
				LOCALIZATION_PREFERS_STRING_CATALOGS = YES;
				MTL_ENABLE_DEBUG_INFO = NO;
				MTL_FAST_MATH = YES;
				SDKROOT = iphoneos;
				SWIFT_COMPILATION_MODE = wholemodule;
				VALIDATE_PRODUCT = YES;
			};
			name = Release;
		};
		0547F4AB2C60D96B001E3039 /* Debug */ = {
			isa = XCBuildConfiguration;
			buildSettings = {
				ASSETCATALOG_COMPILER_APPICON_NAME = AppIcon;
				ASSETCATALOG_COMPILER_GLOBAL_ACCENT_COLOR_NAME = AccentColor;
				CODE_SIGN_STYLE = Automatic;
				CURRENT_PROJECT_VERSION = 1;
				DEVELOPMENT_TEAM = MAZQ6JDBT4;
				GENERATE_INFOPLIST_FILE = YES;
				INFOPLIST_FILE = "Wable-iOS/Global/Resources/Info.plist";
				INFOPLIST_KEY_CFBundleDisplayName = Wable;
				INFOPLIST_KEY_NSPhotoLibraryUsageDescription = "게시글이나 프로필을 변경할 때 사용합니다.";
				INFOPLIST_KEY_UIApplicationSupportsIndirectInputEvents = YES;
				INFOPLIST_KEY_UILaunchStoryboardName = LaunchScreen;
				INFOPLIST_KEY_UISupportedInterfaceOrientations = UIInterfaceOrientationPortrait;
				INFOPLIST_KEY_UISupportedInterfaceOrientations_iPad = "UIInterfaceOrientationLandscapeLeft UIInterfaceOrientationLandscapeRight UIInterfaceOrientationPortrait UIInterfaceOrientationPortraitUpsideDown";
				IPHONEOS_DEPLOYMENT_TARGET = 15.0;
				LD_RUNPATH_SEARCH_PATHS = (
					"$(inherited)",
					"@executable_path/Frameworks",
				);
				MARKETING_VERSION = 1.0;
				PRODUCT_BUNDLE_IDENTIFIER = "com.wable.Wable-iOS";
				PRODUCT_NAME = "$(TARGET_NAME)";
				SUPPORTED_PLATFORMS = "iphoneos iphonesimulator";
				SUPPORTS_MACCATALYST = NO;
				SUPPORTS_MAC_DESIGNED_FOR_IPHONE_IPAD = NO;
				SUPPORTS_XR_DESIGNED_FOR_IPHONE_IPAD = NO;
				SWIFT_EMIT_LOC_STRINGS = YES;
				SWIFT_VERSION = 5.0;
				TARGETED_DEVICE_FAMILY = 1;
			};
			name = Debug;
		};
		0547F4AC2C60D96B001E3039 /* Release */ = {
			isa = XCBuildConfiguration;
			buildSettings = {
				ASSETCATALOG_COMPILER_APPICON_NAME = AppIcon;
				ASSETCATALOG_COMPILER_GLOBAL_ACCENT_COLOR_NAME = AccentColor;
				CODE_SIGN_STYLE = Automatic;
				CURRENT_PROJECT_VERSION = 1;
				DEVELOPMENT_TEAM = MAZQ6JDBT4;
				GENERATE_INFOPLIST_FILE = YES;
				INFOPLIST_FILE = "Wable-iOS/Global/Resources/Info.plist";
				INFOPLIST_KEY_CFBundleDisplayName = Wable;
				INFOPLIST_KEY_NSPhotoLibraryUsageDescription = "게시글이나 프로필을 변경할 때 사용합니다.";
				INFOPLIST_KEY_UIApplicationSupportsIndirectInputEvents = YES;
				INFOPLIST_KEY_UILaunchStoryboardName = LaunchScreen;
				INFOPLIST_KEY_UISupportedInterfaceOrientations = UIInterfaceOrientationPortrait;
				INFOPLIST_KEY_UISupportedInterfaceOrientations_iPad = "UIInterfaceOrientationLandscapeLeft UIInterfaceOrientationLandscapeRight UIInterfaceOrientationPortrait UIInterfaceOrientationPortraitUpsideDown";
				IPHONEOS_DEPLOYMENT_TARGET = 15.0;
				LD_RUNPATH_SEARCH_PATHS = (
					"$(inherited)",
					"@executable_path/Frameworks",
				);
				MARKETING_VERSION = 1.0;
				PRODUCT_BUNDLE_IDENTIFIER = "com.wable.Wable-iOS";
				PRODUCT_NAME = "$(TARGET_NAME)";
				SUPPORTED_PLATFORMS = "iphoneos iphonesimulator";
				SUPPORTS_MACCATALYST = NO;
				SUPPORTS_MAC_DESIGNED_FOR_IPHONE_IPAD = NO;
				SUPPORTS_XR_DESIGNED_FOR_IPHONE_IPAD = NO;
				SWIFT_EMIT_LOC_STRINGS = YES;
				SWIFT_VERSION = 5.0;
				TARGETED_DEVICE_FAMILY = 1;
			};
			name = Release;
		};
/* End XCBuildConfiguration section */

/* Begin XCConfigurationList section */
		0547F4912C60D968001E3039 /* Build configuration list for PBXProject "Wable-iOS" */ = {
			isa = XCConfigurationList;
			buildConfigurations = (
				0547F4A82C60D96B001E3039 /* Debug */,
				0547F4A92C60D96B001E3039 /* Release */,
			);
			defaultConfigurationIsVisible = 0;
			defaultConfigurationName = Release;
		};
		0547F4AA2C60D96B001E3039 /* Build configuration list for PBXNativeTarget "Wable-iOS" */ = {
			isa = XCConfigurationList;
			buildConfigurations = (
				0547F4AB2C60D96B001E3039 /* Debug */,
				0547F4AC2C60D96B001E3039 /* Release */,
			);
			defaultConfigurationIsVisible = 0;
			defaultConfigurationName = Release;
		};
/* End XCConfigurationList section */

/* Begin XCRemoteSwiftPackageReference section */
		0547F4B52C6215D1001E3039 /* XCRemoteSwiftPackageReference "Moya" */ = {
			isa = XCRemoteSwiftPackageReference;
			repositoryURL = "https://github.com/Moya/Moya.git";
			requirement = {
				kind = upToNextMajorVersion;
				minimumVersion = 15.0.3;
			};
		};
		0547F4BA2C6215F1001E3039 /* XCRemoteSwiftPackageReference "SnapKit" */ = {
			isa = XCRemoteSwiftPackageReference;
			repositoryURL = "https://github.com/SnapKit/SnapKit.git";
			requirement = {
				kind = upToNextMajorVersion;
				minimumVersion = 5.7.1;
			};
		};
		0547F4D02C622351001E3039 /* XCRemoteSwiftPackageReference "Kingfisher" */ = {
			isa = XCRemoteSwiftPackageReference;
			repositoryURL = "https://github.com/onevcat/Kingfisher.git";
			requirement = {
				kind = upToNextMajorVersion;
				minimumVersion = 7.12.0;
			};
		};
		0547F5042C652909001E3039 /* XCRemoteSwiftPackageReference "lottie-ios" */ = {
			isa = XCRemoteSwiftPackageReference;
			repositoryURL = "https://github.com/airbnb/lottie-ios.git";
			requirement = {
				kind = upToNextMajorVersion;
				minimumVersion = 4.5.0;
			};
		};
		3C3531862C6F18C80015A8FA /* XCRemoteSwiftPackageReference "kakao-ios-sdk" */ = {
			isa = XCRemoteSwiftPackageReference;
			repositoryURL = "https://github.com/kakao/kakao-ios-sdk";
			requirement = {
				kind = upToNextMajorVersion;
				minimumVersion = 2.22.5;
			};
		};
/* End XCRemoteSwiftPackageReference section */

/* Begin XCSwiftPackageProductDependency section */
		0547F4B62C6215D1001E3039 /* CombineMoya */ = {
			isa = XCSwiftPackageProductDependency;
			package = 0547F4B52C6215D1001E3039 /* XCRemoteSwiftPackageReference "Moya" */;
			productName = CombineMoya;
		};
		0547F4B82C6215D1001E3039 /* Moya */ = {
			isa = XCSwiftPackageProductDependency;
			package = 0547F4B52C6215D1001E3039 /* XCRemoteSwiftPackageReference "Moya" */;
			productName = Moya;
		};
		0547F4BB2C6215F1001E3039 /* SnapKit */ = {
			isa = XCSwiftPackageProductDependency;
			package = 0547F4BA2C6215F1001E3039 /* XCRemoteSwiftPackageReference "SnapKit" */;
			productName = SnapKit;
		};
		0547F4D12C622351001E3039 /* Kingfisher */ = {
			isa = XCSwiftPackageProductDependency;
			package = 0547F4D02C622351001E3039 /* XCRemoteSwiftPackageReference "Kingfisher" */;
			productName = Kingfisher;
		};
		0547F5052C65290A001E3039 /* Lottie */ = {
			isa = XCSwiftPackageProductDependency;
			package = 0547F5042C652909001E3039 /* XCRemoteSwiftPackageReference "lottie-ios" */;
			productName = Lottie;
		};
		3C3531872C6F18C80015A8FA /* KakaoSDK */ = {
			isa = XCSwiftPackageProductDependency;
			package = 3C3531862C6F18C80015A8FA /* XCRemoteSwiftPackageReference "kakao-ios-sdk" */;
			productName = KakaoSDK;
		};
/* End XCSwiftPackageProductDependency section */
	};
	rootObject = 0547F48E2C60D968001E3039 /* Project object */;
}
