// !$*UTF8*$!
{
	archiveVersion = 1;
	classes = {
	};
	objectVersion = 56;
	objects = {

/* Begin PBXBuildFile section */
		054308EA2CB7F582001861F1 /* wable_loading.json in Resources */ = {isa = PBXBuildFile; fileRef = 054308E92CB7F582001861F1 /* wable_loading.json */; };
		054308EC2CB7F6CE001861F1 /* wable_splash.json in Resources */ = {isa = PBXBuildFile; fileRef = 054308EB2CB7F6CE001861F1 /* wable_splash.json */; };
		0547F4A32C60D96B001E3039 /* Assets.xcassets in Resources */ = {isa = PBXBuildFile; fileRef = 0547F4A22C60D96B001E3039 /* Assets.xcassets */; };
		0547F4B72C6215D1001E3039 /* CombineMoya in Frameworks */ = {isa = PBXBuildFile; productRef = 0547F4B62C6215D1001E3039 /* CombineMoya */; };
		0547F4B92C6215D1001E3039 /* Moya in Frameworks */ = {isa = PBXBuildFile; productRef = 0547F4B82C6215D1001E3039 /* Moya */; };
		0547F4BC2C6215F1001E3039 /* SnapKit in Frameworks */ = {isa = PBXBuildFile; productRef = 0547F4BB2C6215F1001E3039 /* SnapKit */; };
		0547F4C82C621ABC001E3039 /* Color.xcassets in Resources */ = {isa = PBXBuildFile; fileRef = 0547F4C72C621ABC001E3039 /* Color.xcassets */; };
		0547F4D22C622351001E3039 /* Kingfisher in Frameworks */ = {isa = PBXBuildFile; productRef = 0547F4D12C622351001E3039 /* Kingfisher */; };
		0547F5062C65290A001E3039 /* Lottie in Frameworks */ = {isa = PBXBuildFile; productRef = 0547F5052C65290A001E3039 /* Lottie */; };
		054A85522CAA944200EFD9A5 /* AmplitudeSwift in Frameworks */ = {isa = PBXBuildFile; productRef = 054A85512CAA944200EFD9A5 /* AmplitudeSwift */; };
		0586D89B2D09A68200436080 /* Pretendard-Regular.otf in Resources */ = {isa = PBXBuildFile; fileRef = 0586D8992D09A68200436080 /* Pretendard-Regular.otf */; };
		0586D89C2D09A68200436080 /* Pretendard-SemiBold.otf in Resources */ = {isa = PBXBuildFile; fileRef = 0586D89A2D09A68200436080 /* Pretendard-SemiBold.otf */; };
		0593F6DB2C96E75600FFAD82 /* FirebaseAnalytics in Frameworks */ = {isa = PBXBuildFile; productRef = 0593F6DA2C96E75600FFAD82 /* FirebaseAnalytics */; };
		0593F6DD2C96E75600FFAD82 /* FirebaseMessaging in Frameworks */ = {isa = PBXBuildFile; productRef = 0593F6DC2C96E75600FFAD82 /* FirebaseMessaging */; };
		3C8B4E052C76247800174943 /* wable_tab.json in Resources */ = {isa = PBXBuildFile; fileRef = 3C8B4E042C76247800174943 /* wable_tab.json */; };
		3C8B4E742C8433E300174943 /* KakaoSDK in Frameworks */ = {isa = PBXBuildFile; productRef = 3C8B4E732C8433E300174943 /* KakaoSDK */; };
		DEB5793A2CE3541300BEE54D /* CombineCocoa in Frameworks */ = {isa = PBXBuildFile; productRef = DEB579392CE3541300BEE54D /* CombineCocoa */; };
/* End PBXBuildFile section */

/* Begin PBXFileReference section */
		054308E92CB7F582001861F1 /* wable_loading.json */ = {isa = PBXFileReference; fileEncoding = 4; lastKnownFileType = text.json; path = wable_loading.json; sourceTree = "<group>"; };
		054308EB2CB7F6CE001861F1 /* wable_splash.json */ = {isa = PBXFileReference; fileEncoding = 4; lastKnownFileType = text.json; path = wable_splash.json; sourceTree = "<group>"; };
		0547F4962C60D968001E3039 /* Wable-iOS.app */ = {isa = PBXFileReference; explicitFileType = wrapper.application; includeInIndex = 0; path = "Wable-iOS.app"; sourceTree = BUILT_PRODUCTS_DIR; };
		0547F4A22C60D96B001E3039 /* Assets.xcassets */ = {isa = PBXFileReference; lastKnownFileType = folder.assetcatalog; path = Assets.xcassets; sourceTree = "<group>"; };
		0547F4C72C621ABC001E3039 /* Color.xcassets */ = {isa = PBXFileReference; lastKnownFileType = folder.assetcatalog; path = Color.xcassets; sourceTree = "<group>"; };
		0586D8992D09A68200436080 /* Pretendard-Regular.otf */ = {isa = PBXFileReference; lastKnownFileType = file; path = "Pretendard-Regular.otf"; sourceTree = "<group>"; };
		0586D89A2D09A68200436080 /* Pretendard-SemiBold.otf */ = {isa = PBXFileReference; lastKnownFileType = file; path = "Pretendard-SemiBold.otf"; sourceTree = "<group>"; };
		3C8B4E042C76247800174943 /* wable_tab.json */ = {isa = PBXFileReference; fileEncoding = 4; lastKnownFileType = text.json; path = wable_tab.json; sourceTree = "<group>"; };
		DD8CEF3D2D6A007900DBE580 /* Share.xcconfig */ = {isa = PBXFileReference; lastKnownFileType = text.xcconfig; path = Share.xcconfig; sourceTree = "<group>"; };
		DD8CEF3E2D6A007900DBE580 /* Release.xcconfig */ = {isa = PBXFileReference; lastKnownFileType = text.xcconfig; path = Release.xcconfig; sourceTree = "<group>"; };
		DD8CEF3F2D6A007900DBE580 /* Development.xcconfig */ = {isa = PBXFileReference; lastKnownFileType = text.xcconfig; path = Development.xcconfig; sourceTree = "<group>"; };
		DD8CEF412D6A007900DBE580 /* Info.plist */ = {isa = PBXFileReference; lastKnownFileType = text.plist.xml; path = Info.plist; sourceTree = "<group>"; };
		DD8CEF452D6A007900DBE580 /* ViewController.swift */ = {isa = PBXFileReference; lastKnownFileType = sourcecode.swift; path = ViewController.swift; sourceTree = "<group>"; };
		DD8CEF472D6A007900DBE580 /* AppDelegate.swift */ = {isa = PBXFileReference; lastKnownFileType = sourcecode.swift; path = AppDelegate.swift; sourceTree = "<group>"; };
		DD8CEF482D6A007900DBE580 /* SceneDelegate.swift */ = {isa = PBXFileReference; lastKnownFileType = sourcecode.swift; path = SceneDelegate.swift; sourceTree = "<group>"; };
		DD8CEF4A2D6A007900DBE580 /* DIContainer.swift */ = {isa = PBXFileReference; lastKnownFileType = sourcecode.swift; path = DIContainer.swift; sourceTree = "<group>"; };
		DD8CEF4B2D6A007900DBE580 /* Injected.swift */ = {isa = PBXFileReference; lastKnownFileType = sourcecode.swift; path = Injected.swift; sourceTree = "<group>"; };
		DD8CEF4D2D6A007900DBE580 /* AnyPublisher+.swift */ = {isa = PBXFileReference; lastKnownFileType = sourcecode.swift; path = "AnyPublisher+.swift"; sourceTree = "<group>"; };
		DD8CEF4E2D6A007900DBE580 /* CancelBag.swift */ = {isa = PBXFileReference; lastKnownFileType = sourcecode.swift; path = CancelBag.swift; sourceTree = "<group>"; };
		DD8CEF4F2D6A007900DBE580 /* Publisher+.swift */ = {isa = PBXFileReference; lastKnownFileType = sourcecode.swift; path = "Publisher+.swift"; sourceTree = "<group>"; };
		DD8CEF512D6A007900DBE580 /* WableLogger.swift */ = {isa = PBXFileReference; lastKnownFileType = sourcecode.swift; path = WableLogger.swift; sourceTree = "<group>"; };
		DD8CEF542D6A007900DBE580 /* TokenStorage.swift */ = {isa = PBXFileReference; lastKnownFileType = sourcecode.swift; path = TokenStorage.swift; sourceTree = "<group>"; };
		DD8CEF562D6A007900DBE580 /* KeychainWrapper.swift */ = {isa = PBXFileReference; lastKnownFileType = sourcecode.swift; path = KeychainWrapper.swift; sourceTree = "<group>"; };
		DD8CEF572D6A007900DBE580 /* KeychainError.swift */ = {isa = PBXFileReference; lastKnownFileType = sourcecode.swift; path = KeychainError.swift; sourceTree = "<group>"; };
		DD8CEF592D6A007900DBE580 /* APIProvider.swift */ = {isa = PBXFileReference; lastKnownFileType = sourcecode.swift; path = APIProvider.swift; sourceTree = "<group>"; };
		DD8CEF5A2D6A007900DBE580 /* WableNetworkError.swift */ = {isa = PBXFileReference; lastKnownFileType = sourcecode.swift; path = WableNetworkError.swift; sourceTree = "<group>"; };
		DD8CEF5B2D6A007900DBE580 /* MoyaLoggingPlugin.swift */ = {isa = PBXFileReference; lastKnownFileType = sourcecode.swift; path = MoyaLoggingPlugin.swift; sourceTree = "<group>"; };
		DD8CEF5C2D6A007900DBE580 /* Bundle+.swift */ = {isa = PBXFileReference; lastKnownFileType = sourcecode.swift; path = "Bundle+.swift"; sourceTree = "<group>"; };
		DD8CEF5E2D6A007900DBE580 /* BaseTargetType.swift */ = {isa = PBXFileReference; lastKnownFileType = sourcecode.swift; path = BaseTargetType.swift; sourceTree = "<group>"; };
		DD8CEF5F2D6A007900DBE580 /* LoginTargetType.swift */ = {isa = PBXFileReference; lastKnownFileType = sourcecode.swift; path = LoginTargetType.swift; sourceTree = "<group>"; };
		DD8CEF602D6A007900DBE580 /* AccountTargetType.swift */ = {isa = PBXFileReference; lastKnownFileType = sourcecode.swift; path = AccountTargetType.swift; sourceTree = "<group>"; };
		DD8CEF612D6A007900DBE580 /* ProfileTargetType.swift */ = {isa = PBXFileReference; lastKnownFileType = sourcecode.swift; path = ProfileTargetType.swift; sourceTree = "<group>"; };
		DD8CEF622D6A007900DBE580 /* CommentTargetType.swift */ = {isa = PBXFileReference; lastKnownFileType = sourcecode.swift; path = CommentTargetType.swift; sourceTree = "<group>"; };
		DD8CEF632D6A007900DBE580 /* CommentLikedTargetType.swift */ = {isa = PBXFileReference; lastKnownFileType = sourcecode.swift; path = CommentLikedTargetType.swift; sourceTree = "<group>"; };
		DD8CEF642D6A007900DBE580 /* ContentTargetType.swift */ = {isa = PBXFileReference; lastKnownFileType = sourcecode.swift; path = ContentTargetType.swift; sourceTree = "<group>"; };
		DD8CEF652D6A007900DBE580 /* ContentLikedTargetType.swift */ = {isa = PBXFileReference; lastKnownFileType = sourcecode.swift; path = ContentLikedTargetType.swift; sourceTree = "<group>"; };
		DD8CEF662D6A007900DBE580 /* GhostTargetType.swift */ = {isa = PBXFileReference; lastKnownFileType = sourcecode.swift; path = GhostTargetType.swift; sourceTree = "<group>"; };
		DD8CEF672D6A007900DBE580 /* NotificationTargetType.swift */ = {isa = PBXFileReference; lastKnownFileType = sourcecode.swift; path = NotificationTargetType.swift; sourceTree = "<group>"; };
		DD8CEF682D6A007900DBE580 /* InformationTargetType.swift */ = {isa = PBXFileReference; lastKnownFileType = sourcecode.swift; path = InformationTargetType.swift; sourceTree = "<group>"; };
		DD8CEF6C2D6A007900DBE580 /* LoginRepositoryImpl.swift */ = {isa = PBXFileReference; lastKnownFileType = sourcecode.swift; path = LoginRepositoryImpl.swift; sourceTree = "<group>"; };
		DD8CEF6E2D6A007900DBE580 /* accountImpl.swift */ = {isa = PBXFileReference; lastKnownFileType = sourcecode.swift; path = accountImpl.swift; sourceTree = "<group>"; };
		DD8CEF702D6A007900DBE580 /* ProfileRepositoryImpl.swift */ = {isa = PBXFileReference; lastKnownFileType = sourcecode.swift; path = ProfileRepositoryImpl.swift; sourceTree = "<group>"; };
		DD8CEF722D6A007900DBE580 /* CommentRepositoryImpl.swift */ = {isa = PBXFileReference; lastKnownFileType = sourcecode.swift; path = CommentRepositoryImpl.swift; sourceTree = "<group>"; };
		DD8CEF742D6A007900DBE580 /* CommentLikedRepositoryImpl.swift */ = {isa = PBXFileReference; lastKnownFileType = sourcecode.swift; path = CommentLikedRepositoryImpl.swift; sourceTree = "<group>"; };
		DD8CEF762D6A007900DBE580 /* ContentRepositoryImpl.swift */ = {isa = PBXFileReference; lastKnownFileType = sourcecode.swift; path = ContentRepositoryImpl.swift; sourceTree = "<group>"; };
		DD8CEF782D6A007900DBE580 /* ContentLikedRepositoryImpl.swift */ = {isa = PBXFileReference; lastKnownFileType = sourcecode.swift; path = ContentLikedRepositoryImpl.swift; sourceTree = "<group>"; };
		DD8CEF7A2D6A007900DBE580 /* ghostImpl.swift */ = {isa = PBXFileReference; lastKnownFileType = sourcecode.swift; path = ghostImpl.swift; sourceTree = "<group>"; };
		DD8CEF7C2D6A007900DBE580 /* notificationImpl.swift */ = {isa = PBXFileReference; lastKnownFileType = sourcecode.swift; path = notificationImpl.swift; sourceTree = "<group>"; };
		DD8CEF7E2D6A007900DBE580 /* informationImpl.swift */ = {isa = PBXFileReference; lastKnownFileType = sourcecode.swift; path = informationImpl.swift; sourceTree = "<group>"; };
		DD8CEF812D6A007900DBE580 /* DTO.swift */ = {isa = PBXFileReference; lastKnownFileType = sourcecode.swift; path = DTO.swift; sourceTree = "<group>"; };
		DD8CEF822D6A007900DBE580 /* BaseResponse.swift */ = {isa = PBXFileReference; lastKnownFileType = sourcecode.swift; path = BaseResponse.swift; sourceTree = "<group>"; };
		DD8CEF842D6A007900DBE580 /* CreateAccountRequest.swift */ = {isa = PBXFileReference; lastKnownFileType = sourcecode.swift; path = CreateAccountRequest.swift; sourceTree = "<group>"; };
		DD8CEF862D6A007900DBE580 /* DeleteAccount.swift */ = {isa = PBXFileReference; lastKnownFileType = sourcecode.swift; path = DeleteAccount.swift; sourceTree = "<group>"; };
		DD8CEF872D6A007900DBE580 /* UpdateUserBadge.swift */ = {isa = PBXFileReference; lastKnownFileType = sourcecode.swift; path = UpdateUserBadge.swift; sourceTree = "<group>"; };
		DD8CEF892D6A007900DBE580 /* UpdateUserProfile.swift */ = {isa = PBXFileReference; lastKnownFileType = sourcecode.swift; path = UpdateUserProfile.swift; sourceTree = "<group>"; };
		DD8CEF8B2D6A007900DBE580 /* CreateComment.swift */ = {isa = PBXFileReference; lastKnownFileType = sourcecode.swift; path = CreateComment.swift; sourceTree = "<group>"; };
		DD8CEF8D2D6A007900DBE580 /* CreateCommentLiked.swift */ = {isa = PBXFileReference; lastKnownFileType = sourcecode.swift; path = CreateCommentLiked.swift; sourceTree = "<group>"; };
		DD8CEF8F2D6A007900DBE580 /* CreateContent.swift */ = {isa = PBXFileReference; lastKnownFileType = sourcecode.swift; path = CreateContent.swift; sourceTree = "<group>"; };
		DD8CEF912D6A007900DBE580 /* CreateContentLiked.swift */ = {isa = PBXFileReference; lastKnownFileType = sourcecode.swift; path = CreateContentLiked.swift; sourceTree = "<group>"; };
		DD8CEF932D6A007900DBE580 /* UpdateGhost.swift */ = {isa = PBXFileReference; lastKnownFileType = sourcecode.swift; path = UpdateGhost.swift; sourceTree = "<group>"; };
		DD8CEF952D6A007900DBE580 /* UpdatePreRegister.swift */ = {isa = PBXFileReference; lastKnownFileType = sourcecode.swift; path = UpdatePreRegister.swift; sourceTree = "<group>"; };
		DD8CEF972D6A007900DBE580 /* UpdateBan.swift */ = {isa = PBXFileReference; lastKnownFileType = sourcecode.swift; path = UpdateBan.swift; sourceTree = "<group>"; };
		DD8CEF982D6A007900DBE580 /* CreateReport.swift */ = {isa = PBXFileReference; lastKnownFileType = sourcecode.swift; path = CreateReport.swift; sourceTree = "<group>"; };
		DD8CEF9B2D6A007900DBE580 /* Empty.swift */ = {isa = PBXFileReference; lastKnownFileType = sourcecode.swift; path = Empty.swift; sourceTree = "<group>"; };
		DD8CEF9D2D6A007900DBE580 /* CreateAccountResponse.swift */ = {isa = PBXFileReference; lastKnownFileType = sourcecode.swift; path = CreateAccountResponse.swift; sourceTree = "<group>"; };
		DD8CEF9E2D6A007900DBE580 /* UpdateToken.swift */ = {isa = PBXFileReference; lastKnownFileType = sourcecode.swift; path = UpdateToken.swift; sourceTree = "<group>"; };
		DD8CEFA02D6A007900DBE580 /* FetchAccountInfo.swift */ = {isa = PBXFileReference; lastKnownFileType = sourcecode.swift; path = FetchAccountInfo.swift; sourceTree = "<group>"; };
		DD8CEFA12D6A007900DBE580 /* FetchUserProfile.swift */ = {isa = PBXFileReference; lastKnownFileType = sourcecode.swift; path = FetchUserProfile.swift; sourceTree = "<group>"; };
		DD8CEFA32D6A007900DBE580 /* FetchUserComments.swift */ = {isa = PBXFileReference; lastKnownFileType = sourcecode.swift; path = FetchUserComments.swift; sourceTree = "<group>"; };
		DD8CEFA42D6A007900DBE580 /* FetchContentComments.swift */ = {isa = PBXFileReference; lastKnownFileType = sourcecode.swift; path = FetchContentComments.swift; sourceTree = "<group>"; };
		DD8CEFA62D6A007900DBE580 /* FetchContent.swift */ = {isa = PBXFileReference; lastKnownFileType = sourcecode.swift; path = FetchContent.swift; sourceTree = "<group>"; };
		DD8CEFA72D6A007900DBE580 /* FetchContents.swift */ = {isa = PBXFileReference; lastKnownFileType = sourcecode.swift; path = FetchContents.swift; sourceTree = "<group>"; };
		DD8CEFA82D6A007900DBE580 /* FetchUserContents.swift */ = {isa = PBXFileReference; lastKnownFileType = sourcecode.swift; path = FetchUserContents.swift; sourceTree = "<group>"; };
		DD8CEFAA2D6A007900DBE580 /* FetchUserNotifications.swift */ = {isa = PBXFileReference; lastKnownFileType = sourcecode.swift; path = FetchUserNotifications.swift; sourceTree = "<group>"; };
		DD8CEFAB2D6A007900DBE580 /* FetchNotificationNumber.swift */ = {isa = PBXFileReference; lastKnownFileType = sourcecode.swift; path = FetchNotificationNumber.swift; sourceTree = "<group>"; };
		DD8CEFAC2D6A007900DBE580 /* FetchInfoNotifications.swift */ = {isa = PBXFileReference; lastKnownFileType = sourcecode.swift; path = FetchInfoNotifications.swift; sourceTree = "<group>"; };
		DD8CEFAE2D6A007900DBE580 /* FetchGameSchedules.swift */ = {isa = PBXFileReference; lastKnownFileType = sourcecode.swift; path = FetchGameSchedules.swift; sourceTree = "<group>"; };
		DD8CEFAF2D6A007900DBE580 /* FetchGameCategory.swift */ = {isa = PBXFileReference; lastKnownFileType = sourcecode.swift; path = FetchGameCategory.swift; sourceTree = "<group>"; };
		DD8CEFB02D6A007900DBE580 /* FetchLCKTeamRankings.swift */ = {isa = PBXFileReference; lastKnownFileType = sourcecode.swift; path = FetchLCKTeamRankings.swift; sourceTree = "<group>"; };
		DD8CEFB12D6A007900DBE580 /* FetchNewsNoticeCount.swift */ = {isa = PBXFileReference; lastKnownFileType = sourcecode.swift; path = FetchNewsNoticeCount.swift; sourceTree = "<group>"; };
		DD8CEFB22D6A007900DBE580 /* FetchNews.swift */ = {isa = PBXFileReference; lastKnownFileType = sourcecode.swift; path = FetchNews.swift; sourceTree = "<group>"; };
		DD8CEFB32D6A007900DBE580 /* FetchNotices.swift */ = {isa = PBXFileReference; lastKnownFileType = sourcecode.swift; path = FetchNotices.swift; sourceTree = "<group>"; };
		DD8CEFB52D6A007900DBE580 /* FetchCommunites.swift */ = {isa = PBXFileReference; lastKnownFileType = sourcecode.swift; path = FetchCommunites.swift; sourceTree = "<group>"; };
		DD8CEFB72D6A007900DBE580 /* CreateViewitPost.swift */ = {isa = PBXFileReference; lastKnownFileType = sourcecode.swift; path = CreateViewitPost.swift; sourceTree = "<group>"; };
		DD8CEFB82D6A007900DBE580 /* FetchViewits.swift */ = {isa = PBXFileReference; lastKnownFileType = sourcecode.swift; path = FetchViewits.swift; sourceTree = "<group>"; };
		DD8CEFBC2D6A007900DBE580 /* LoginMapper.swift */ = {isa = PBXFileReference; lastKnownFileType = sourcecode.swift; path = LoginMapper.swift; sourceTree = "<group>"; };
		DD8CEFBE2D6A007900DBE580 /* AccountMapper.swift */ = {isa = PBXFileReference; lastKnownFileType = sourcecode.swift; path = AccountMapper.swift; sourceTree = "<group>"; };
		DD8CEFC02D6A007900DBE580 /* ProfileMapper.swift */ = {isa = PBXFileReference; lastKnownFileType = sourcecode.swift; path = ProfileMapper.swift; sourceTree = "<group>"; };
		DD8CEFC22D6A007900DBE580 /* CommentMapper.swift */ = {isa = PBXFileReference; lastKnownFileType = sourcecode.swift; path = CommentMapper.swift; sourceTree = "<group>"; };
		DD8CEFC42D6A007900DBE580 /* CommentLikedMapper.swift */ = {isa = PBXFileReference; lastKnownFileType = sourcecode.swift; path = CommentLikedMapper.swift; sourceTree = "<group>"; };
		DD8CEFC62D6A007900DBE580 /* ContentMapper.swift */ = {isa = PBXFileReference; lastKnownFileType = sourcecode.swift; path = ContentMapper.swift; sourceTree = "<group>"; };
		DD8CEFC82D6A007900DBE580 /* ContentLikedMapper.swift */ = {isa = PBXFileReference; lastKnownFileType = sourcecode.swift; path = ContentLikedMapper.swift; sourceTree = "<group>"; };
		DD8CEFCA2D6A007900DBE580 /* GhostMapper.swift */ = {isa = PBXFileReference; lastKnownFileType = sourcecode.swift; path = GhostMapper.swift; sourceTree = "<group>"; };
		DD8CEFCC2D6A007900DBE580 /* NotificationMapper.swift */ = {isa = PBXFileReference; lastKnownFileType = sourcecode.swift; path = NotificationMapper.swift; sourceTree = "<group>"; };
		DD8CEFCE2D6A007900DBE580 /* InformationMapper.swift */ = {isa = PBXFileReference; lastKnownFileType = sourcecode.swift; path = InformationMapper.swift; sourceTree = "<group>"; };
		DD8CEFD22D6A007900DBE580 /* LoginRepository.swift */ = {isa = PBXFileReference; lastKnownFileType = sourcecode.swift; path = LoginRepository.swift; sourceTree = "<group>"; };
		DD8CEFD42D6A007900DBE580 /* account.swift */ = {isa = PBXFileReference; lastKnownFileType = sourcecode.swift; path = account.swift; sourceTree = "<group>"; };
		DD8CEFD62D6A007900DBE580 /* ProfileRepository.swift */ = {isa = PBXFileReference; lastKnownFileType = sourcecode.swift; path = ProfileRepository.swift; sourceTree = "<group>"; };
		DD8CEFD82D6A007900DBE580 /* CommentRepository.swift */ = {isa = PBXFileReference; lastKnownFileType = sourcecode.swift; path = CommentRepository.swift; sourceTree = "<group>"; };
		DD8CEFDA2D6A007900DBE580 /* CommentLikedRepository.swift */ = {isa = PBXFileReference; lastKnownFileType = sourcecode.swift; path = CommentLikedRepository.swift; sourceTree = "<group>"; };
		DD8CEFDC2D6A007900DBE580 /* ContentRepository.swift */ = {isa = PBXFileReference; lastKnownFileType = sourcecode.swift; path = ContentRepository.swift; sourceTree = "<group>"; };
		DD8CEFDE2D6A007900DBE580 /* ContentLikedRepository.swift */ = {isa = PBXFileReference; lastKnownFileType = sourcecode.swift; path = ContentLikedRepository.swift; sourceTree = "<group>"; };
		DD8CEFE02D6A007900DBE580 /* ghost.swift */ = {isa = PBXFileReference; lastKnownFileType = sourcecode.swift; path = ghost.swift; sourceTree = "<group>"; };
		DD8CEFE22D6A007900DBE580 /* notification.swift */ = {isa = PBXFileReference; lastKnownFileType = sourcecode.swift; path = notification.swift; sourceTree = "<group>"; };
		DD8CEFE42D6A007900DBE580 /* information.swift */ = {isa = PBXFileReference; lastKnownFileType = sourcecode.swift; path = information.swift; sourceTree = "<group>"; };
		DD8CEFE72D6A007900DBE580 /* LCKTeam.swift */ = {isa = PBXFileReference; lastKnownFileType = sourcecode.swift; path = LCKTeam.swift; sourceTree = "<group>"; };
		DD8CEFE82D6A007900DBE580 /* User.swift */ = {isa = PBXFileReference; lastKnownFileType = sourcecode.swift; path = User.swift; sourceTree = "<group>"; };
		DD8CEFE92D6A007900DBE580 /* Token.swift */ = {isa = PBXFileReference; lastKnownFileType = sourcecode.swift; path = Token.swift; sourceTree = "<group>"; };
		DD8CEFEA2D6A007900DBE580 /* Account.swift */ = {isa = PBXFileReference; lastKnownFileType = sourcecode.swift; path = Account.swift; sourceTree = "<group>"; };
		DD8CEFEB2D6A007900DBE580 /* AccountInfo.swift */ = {isa = PBXFileReference; lastKnownFileType = sourcecode.swift; path = AccountInfo.swift; sourceTree = "<group>"; };
		DD8CEFEC2D6A007900DBE580 /* AccountDeleteReason.swift */ = {isa = PBXFileReference; lastKnownFileType = sourcecode.swift; path = AccountDeleteReason.swift; sourceTree = "<group>"; };
		DD8CEFED2D6A007900DBE580 /* SocialPlatform.swift */ = {isa = PBXFileReference; lastKnownFileType = sourcecode.swift; path = SocialPlatform.swift; sourceTree = "<group>"; };
		DD8CEFEE2D6A007900DBE580 /* UserProfile.swift */ = {isa = PBXFileReference; lastKnownFileType = sourcecode.swift; path = UserProfile.swift; sourceTree = "<group>"; };
		DD8CEFEF2D6A007900DBE580 /* Comment.swift */ = {isa = PBXFileReference; lastKnownFileType = sourcecode.swift; path = Comment.swift; sourceTree = "<group>"; };
		DD8CEFF02D6A007900DBE580 /* Content.swift */ = {isa = PBXFileReference; lastKnownFileType = sourcecode.swift; path = Content.swift; sourceTree = "<group>"; };
		DD8CEFF12D6A007900DBE580 /* Notification.swift */ = {isa = PBXFileReference; lastKnownFileType = sourcecode.swift; path = Notification.swift; sourceTree = "<group>"; };
		DD8CEFF22D6A007900DBE580 /* GameSchedule.swift */ = {isa = PBXFileReference; lastKnownFileType = sourcecode.swift; path = GameSchedule.swift; sourceTree = "<group>"; };
		DD8CEFF32D6A007900DBE580 /* LCKTeamRank.swift */ = {isa = PBXFileReference; lastKnownFileType = sourcecode.swift; path = LCKTeamRank.swift; sourceTree = "<group>"; };
		DD8CEFF42D6A007900DBE580 /* Announcement.swift */ = {isa = PBXFileReference; lastKnownFileType = sourcecode.swift; path = Announcement.swift; sourceTree = "<group>"; };
		DD8CEFF52D6A007900DBE580 /* TriggerType.swift */ = {isa = PBXFileReference; lastKnownFileType = sourcecode.swift; path = TriggerType.swift; sourceTree = "<group>"; };
		DD8CEFF82D6A00BB00DBE580 /* LaunchScreen.storyboard */ = {isa = PBXFileReference; lastKnownFileType = file.storyboard; name = LaunchScreen.storyboard; path = "Base.lproj/LaunchScreen 2.storyboard"; sourceTree = "<group>"; };
/* End PBXFileReference section */

/* Begin PBXFrameworksBuildPhase section */
		0547F4932C60D968001E3039 /* Frameworks */ = {
			isa = PBXFrameworksBuildPhase;
			buildActionMask = 2147483647;
			files = (
				054A85522CAA944200EFD9A5 /* AmplitudeSwift in Frameworks */,
				0593F6DD2C96E75600FFAD82 /* FirebaseMessaging in Frameworks */,
				0593F6DB2C96E75600FFAD82 /* FirebaseAnalytics in Frameworks */,
				0547F5062C65290A001E3039 /* Lottie in Frameworks */,
				0547F4D22C622351001E3039 /* Kingfisher in Frameworks */,
				0547F4BC2C6215F1001E3039 /* SnapKit in Frameworks */,
				0547F4B92C6215D1001E3039 /* Moya in Frameworks */,
				0547F4B72C6215D1001E3039 /* CombineMoya in Frameworks */,
				DEB5793A2CE3541300BEE54D /* CombineCocoa in Frameworks */,
				3C8B4E742C8433E300174943 /* KakaoSDK in Frameworks */,
			);
			runOnlyForDeploymentPostprocessing = 0;
		};
/* End PBXFrameworksBuildPhase section */

/* Begin PBXGroup section */
		0547F48D2C60D968001E3039 = {
			isa = PBXGroup;
			children = (
				0547F4982C60D968001E3039 /* Wable-iOS */,
				0547F4972C60D968001E3039 /* Products */,
			);
			sourceTree = "<group>";
		};
		0547F4972C60D968001E3039 /* Products */ = {
			isa = PBXGroup;
			children = (
				0547F4962C60D968001E3039 /* Wable-iOS.app */,
			);
			name = Products;
			sourceTree = "<group>";
		};
		0547F4982C60D968001E3039 /* Wable-iOS */ = {
			isa = PBXGroup;
			children = (
				DD8CEF462D6A007900DBE580 /* Resource */,
				DD8CEF492D6A007900DBE580 /* App */,
				DD8CEF532D6A007900DBE580 /* Core */,
				DD8CEF6B2D6A007900DBE580 /* Infra */,
				DD8CEFD12D6A007900DBE580 /* Data */,
				DD8CEFF72D6A007900DBE580 /* Domain */,
			);
			path = "Wable-iOS";
			sourceTree = "<group>";
		};
		0547F4B32C60E31C001E3039 /* Animation */ = {
			isa = PBXGroup;
			children = (
				054308EB2CB7F6CE001861F1 /* wable_splash.json */,
				054308E92CB7F582001861F1 /* wable_loading.json */,
				3C8B4E042C76247800174943 /* wable_tab.json */,
			);
			path = Animation;
			sourceTree = "<group>";
		};
		3C35317E2C6F13FF0015A8FA /* Font */ = {
			isa = PBXGroup;
			children = (
				0586D8992D09A68200436080 /* Pretendard-Regular.otf */,
				0586D89A2D09A68200436080 /* Pretendard-SemiBold.otf */,
			);
			path = Font;
			sourceTree = "<group>";
		};
		DD8CEF402D6A007900DBE580 /* Config */ = {
			isa = PBXGroup;
			children = (
				DD8CEF3D2D6A007900DBE580 /* Share.xcconfig */,
				DD8CEF3E2D6A007900DBE580 /* Release.xcconfig */,
				DD8CEF3F2D6A007900DBE580 /* Development.xcconfig */,
			);
			path = Config;
			sourceTree = "<group>";
		};
		DD8CEF462D6A007900DBE580 /* Resource */ = {
			isa = PBXGroup;
			children = (
				DD8CEF402D6A007900DBE580 /* Config */,
				3C35317E2C6F13FF0015A8FA /* Font */,
				0547F4B32C60E31C001E3039 /* Animation */,
				DD8CEF412D6A007900DBE580 /* Info.plist */,
				0547F4A22C60D96B001E3039 /* Assets.xcassets */,
				0547F4C72C621ABC001E3039 /* Color.xcassets */,
				DD8CEFF92D6A00BB00DBE580 /* LaunchScreen.storyboard */,
				DD8CEF452D6A007900DBE580 /* ViewController.swift */,
			);
			path = Resource;
			sourceTree = "<group>";
		};
		DD8CEF492D6A007900DBE580 /* App */ = {
			isa = PBXGroup;
			children = (
				DD8CEF472D6A007900DBE580 /* AppDelegate.swift */,
				DD8CEF482D6A007900DBE580 /* SceneDelegate.swift */,
			);
			path = App;
			sourceTree = "<group>";
		};
		DD8CEF4C2D6A007900DBE580 /* DI */ = {
			isa = PBXGroup;
			children = (
				DD8CEF4A2D6A007900DBE580 /* DIContainer.swift */,
				DD8CEF4B2D6A007900DBE580 /* Injected.swift */,
			);
			path = DI;
			sourceTree = "<group>";
		};
		DD8CEF502D6A007900DBE580 /* Combine+ */ = {
			isa = PBXGroup;
			children = (
				DD8CEF4D2D6A007900DBE580 /* AnyPublisher+.swift */,
				DD8CEF4E2D6A007900DBE580 /* CancelBag.swift */,
				DD8CEF4F2D6A007900DBE580 /* Publisher+.swift */,
			);
			path = "Combine+";
			sourceTree = "<group>";
		};
		DD8CEF522D6A007900DBE580 /* Logger */ = {
			isa = PBXGroup;
			children = (
				DD8CEF512D6A007900DBE580 /* WableLogger.swift */,
			);
			path = Logger;
			sourceTree = "<group>";
		};
		DD8CEF532D6A007900DBE580 /* Core */ = {
			isa = PBXGroup;
			children = (
				DD8CEF4C2D6A007900DBE580 /* DI */,
				DD8CEF502D6A007900DBE580 /* Combine+ */,
				DD8CEF522D6A007900DBE580 /* Logger */,
			);
			path = Core;
			sourceTree = "<group>";
		};
		DD8CEF552D6A007900DBE580 /* Token */ = {
			isa = PBXGroup;
			children = (
				DD8CEF542D6A007900DBE580 /* TokenStorage.swift */,
			);
			path = Token;
			sourceTree = "<group>";
		};
		DD8CEF582D6A007900DBE580 /* Keychain */ = {
			isa = PBXGroup;
			children = (
				DD8CEF562D6A007900DBE580 /* KeychainWrapper.swift */,
				DD8CEF572D6A007900DBE580 /* KeychainError.swift */,
			);
			path = Keychain;
			sourceTree = "<group>";
		};
		DD8CEF5D2D6A007900DBE580 /* Bundle */ = {
			isa = PBXGroup;
			children = (
				DD8CEF5C2D6A007900DBE580 /* Bundle+.swift */,
			);
			path = Bundle;
			sourceTree = "<group>";
		};
		DD8CEF692D6A007900DBE580 /* TargetType */ = {
			isa = PBXGroup;
			children = (
				DD8CEF5E2D6A007900DBE580 /* BaseTargetType.swift */,
				DD8CEF5F2D6A007900DBE580 /* LoginTargetType.swift */,
				DD8CEF602D6A007900DBE580 /* AccountTargetType.swift */,
				DD8CEF612D6A007900DBE580 /* ProfileTargetType.swift */,
				DD8CEF622D6A007900DBE580 /* CommentTargetType.swift */,
				DD8CEF632D6A007900DBE580 /* CommentLikedTargetType.swift */,
				DD8CEF642D6A007900DBE580 /* ContentTargetType.swift */,
				DD8CEF652D6A007900DBE580 /* ContentLikedTargetType.swift */,
				DD8CEF662D6A007900DBE580 /* GhostTargetType.swift */,
				DD8CEF672D6A007900DBE580 /* NotificationTargetType.swift */,
				DD8CEF682D6A007900DBE580 /* InformationTargetType.swift */,
			);
			path = TargetType;
			sourceTree = "<group>";
		};
		DD8CEF6A2D6A007900DBE580 /* Network */ = {
			isa = PBXGroup;
			children = (
				DD8CEF592D6A007900DBE580 /* APIProvider.swift */,
				DD8CEF5A2D6A007900DBE580 /* WableNetworkError.swift */,
				DD8CEF5B2D6A007900DBE580 /* MoyaLoggingPlugin.swift */,
				DD8CEF5D2D6A007900DBE580 /* Bundle */,
				DD8CEF692D6A007900DBE580 /* TargetType */,
			);
			path = Network;
			sourceTree = "<group>";
		};
		DD8CEF6B2D6A007900DBE580 /* Infra */ = {
			isa = PBXGroup;
			children = (
				DD8CEF552D6A007900DBE580 /* Token */,
				DD8CEF582D6A007900DBE580 /* Keychain */,
				DD8CEF6A2D6A007900DBE580 /* Network */,
			);
			path = Infra;
			sourceTree = "<group>";
		};
		DD8CEF6D2D6A007900DBE580 /* Login */ = {
			isa = PBXGroup;
			children = (
				DD8CEF6C2D6A007900DBE580 /* LoginRepositoryImpl.swift */,
			);
			path = Login;
			sourceTree = "<group>";
		};
		DD8CEF6F2D6A007900DBE580 /* Account */ = {
			isa = PBXGroup;
			children = (
				DD8CEF6E2D6A007900DBE580 /* accountImpl.swift */,
			);
			path = Account;
			sourceTree = "<group>";
		};
		DD8CEF712D6A007900DBE580 /* Profile */ = {
			isa = PBXGroup;
			children = (
				DD8CEF702D6A007900DBE580 /* ProfileRepositoryImpl.swift */,
			);
			path = Profile;
			sourceTree = "<group>";
		};
		DD8CEF732D6A007900DBE580 /* Comment */ = {
			isa = PBXGroup;
			children = (
				DD8CEF722D6A007900DBE580 /* CommentRepositoryImpl.swift */,
			);
			path = Comment;
			sourceTree = "<group>";
		};
		DD8CEF752D6A007900DBE580 /* CommentLiked */ = {
			isa = PBXGroup;
			children = (
				DD8CEF742D6A007900DBE580 /* CommentLikedRepositoryImpl.swift */,
			);
			path = CommentLiked;
			sourceTree = "<group>";
		};
		DD8CEF772D6A007900DBE580 /* Content */ = {
			isa = PBXGroup;
			children = (
				DD8CEF762D6A007900DBE580 /* ContentRepositoryImpl.swift */,
			);
			path = Content;
			sourceTree = "<group>";
		};
		DD8CEF792D6A007900DBE580 /* ContentLiked */ = {
			isa = PBXGroup;
			children = (
				DD8CEF782D6A007900DBE580 /* ContentLikedRepositoryImpl.swift */,
			);
			path = ContentLiked;
			sourceTree = "<group>";
		};
		DD8CEF7B2D6A007900DBE580 /* Ghost */ = {
			isa = PBXGroup;
			children = (
				DD8CEF7A2D6A007900DBE580 /* ghostImpl.swift */,
			);
			path = Ghost;
			sourceTree = "<group>";
		};
		DD8CEF7D2D6A007900DBE580 /* Notification */ = {
			isa = PBXGroup;
			children = (
				DD8CEF7C2D6A007900DBE580 /* notificationImpl.swift */,
			);
			path = Notification;
			sourceTree = "<group>";
		};
		DD8CEF7F2D6A007900DBE580 /* Information */ = {
			isa = PBXGroup;
			children = (
				DD8CEF7E2D6A007900DBE580 /* informationImpl.swift */,
			);
			path = Information;
			sourceTree = "<group>";
		};
		DD8CEF802D6A007900DBE580 /* RepositoryImpl */ = {
			isa = PBXGroup;
			children = (
				DD8CEF6D2D6A007900DBE580 /* Login */,
				DD8CEF6F2D6A007900DBE580 /* Account */,
				DD8CEF712D6A007900DBE580 /* Profile */,
				DD8CEF732D6A007900DBE580 /* Comment */,
				DD8CEF752D6A007900DBE580 /* CommentLiked */,
				DD8CEF772D6A007900DBE580 /* Content */,
				DD8CEF792D6A007900DBE580 /* ContentLiked */,
				DD8CEF7B2D6A007900DBE580 /* Ghost */,
				DD8CEF7D2D6A007900DBE580 /* Notification */,
				DD8CEF7F2D6A007900DBE580 /* Information */,
			);
			path = RepositoryImpl;
			sourceTree = "<group>";
		};
		DD8CEF832D6A007900DBE580 /* Base */ = {
			isa = PBXGroup;
			children = (
				DD8CEF822D6A007900DBE580 /* BaseResponse.swift */,
			);
			path = Base;
			sourceTree = "<group>";
		};
		DD8CEF852D6A007900DBE580 /* Login */ = {
			isa = PBXGroup;
			children = (
				DD8CEF842D6A007900DBE580 /* CreateAccountRequest.swift */,
			);
			path = Login;
			sourceTree = "<group>";
		};
		DD8CEF882D6A007900DBE580 /* Account */ = {
			isa = PBXGroup;
			children = (
				DD8CEF862D6A007900DBE580 /* DeleteAccount.swift */,
				DD8CEF872D6A007900DBE580 /* UpdateUserBadge.swift */,
			);
			path = Account;
			sourceTree = "<group>";
		};
		DD8CEF8A2D6A007900DBE580 /* Profile */ = {
			isa = PBXGroup;
			children = (
				DD8CEF892D6A007900DBE580 /* UpdateUserProfile.swift */,
			);
			path = Profile;
			sourceTree = "<group>";
		};
		DD8CEF8C2D6A007900DBE580 /* Comment */ = {
			isa = PBXGroup;
			children = (
				DD8CEF8B2D6A007900DBE580 /* CreateComment.swift */,
			);
			path = Comment;
			sourceTree = "<group>";
		};
		DD8CEF8E2D6A007900DBE580 /* CommentLiked */ = {
			isa = PBXGroup;
			children = (
				DD8CEF8D2D6A007900DBE580 /* CreateCommentLiked.swift */,
			);
			path = CommentLiked;
			sourceTree = "<group>";
		};
		DD8CEF902D6A007900DBE580 /* Content */ = {
			isa = PBXGroup;
			children = (
				DD8CEF8F2D6A007900DBE580 /* CreateContent.swift */,
			);
			path = Content;
			sourceTree = "<group>";
		};
		DD8CEF922D6A007900DBE580 /* ContentLiked */ = {
			isa = PBXGroup;
			children = (
				DD8CEF912D6A007900DBE580 /* CreateContentLiked.swift */,
			);
			path = ContentLiked;
			sourceTree = "<group>";
		};
		DD8CEF942D6A007900DBE580 /* Ghost */ = {
			isa = PBXGroup;
			children = (
				DD8CEF932D6A007900DBE580 /* UpdateGhost.swift */,
			);
			path = Ghost;
			sourceTree = "<group>";
		};
		DD8CEF962D6A007900DBE580 /* Community */ = {
			isa = PBXGroup;
			children = (
				DD8CEF952D6A007900DBE580 /* UpdatePreRegister.swift */,
			);
			path = Community;
			sourceTree = "<group>";
		};
		DD8CEF992D6A007900DBE580 /* Report */ = {
			isa = PBXGroup;
			children = (
				DD8CEF972D6A007900DBE580 /* UpdateBan.swift */,
				DD8CEF982D6A007900DBE580 /* CreateReport.swift */,
			);
			path = Report;
			sourceTree = "<group>";
		};
		DD8CEF9A2D6A007900DBE580 /* Request */ = {
			isa = PBXGroup;
			children = (
				DD8CEF852D6A007900DBE580 /* Login */,
				DD8CEF882D6A007900DBE580 /* Account */,
				DD8CEF8A2D6A007900DBE580 /* Profile */,
				DD8CEF8C2D6A007900DBE580 /* Comment */,
				DD8CEF8E2D6A007900DBE580 /* CommentLiked */,
				DD8CEF902D6A007900DBE580 /* Content */,
				DD8CEF922D6A007900DBE580 /* ContentLiked */,
				DD8CEF942D6A007900DBE580 /* Ghost */,
				DD8CEF962D6A007900DBE580 /* Community */,
				DD8CEF992D6A007900DBE580 /* Report */,
			);
			path = Request;
			sourceTree = "<group>";
		};
		DD8CEF9C2D6A007900DBE580 /* Empty */ = {
			isa = PBXGroup;
			children = (
				DD8CEF9B2D6A007900DBE580 /* Empty.swift */,
			);
			path = Empty;
			sourceTree = "<group>";
		};
		DD8CEF9F2D6A007900DBE580 /* Login */ = {
			isa = PBXGroup;
			children = (
				DD8CEF9D2D6A007900DBE580 /* CreateAccountResponse.swift */,
				DD8CEF9E2D6A007900DBE580 /* UpdateToken.swift */,
			);
			path = Login;
			sourceTree = "<group>";
		};
		DD8CEFA22D6A007900DBE580 /* Profile */ = {
			isa = PBXGroup;
			children = (
				DD8CEFA02D6A007900DBE580 /* FetchAccountInfo.swift */,
				DD8CEFA12D6A007900DBE580 /* FetchUserProfile.swift */,
			);
			path = Profile;
			sourceTree = "<group>";
		};
		DD8CEFA52D6A007900DBE580 /* Comment */ = {
			isa = PBXGroup;
			children = (
				DD8CEFA32D6A007900DBE580 /* FetchUserComments.swift */,
				DD8CEFA42D6A007900DBE580 /* FetchContentComments.swift */,
			);
			path = Comment;
			sourceTree = "<group>";
		};
		DD8CEFA92D6A007900DBE580 /* Content */ = {
			isa = PBXGroup;
			children = (
				DD8CEFA62D6A007900DBE580 /* FetchContent.swift */,
				DD8CEFA72D6A007900DBE580 /* FetchContents.swift */,
				DD8CEFA82D6A007900DBE580 /* FetchUserContents.swift */,
			);
			path = Content;
			sourceTree = "<group>";
		};
		DD8CEFAD2D6A007900DBE580 /* Notification */ = {
			isa = PBXGroup;
			children = (
				DD8CEFAA2D6A007900DBE580 /* FetchUserNotifications.swift */,
				DD8CEFAB2D6A007900DBE580 /* FetchNotificationNumber.swift */,
				DD8CEFAC2D6A007900DBE580 /* FetchInfoNotifications.swift */,
			);
			path = Notification;
			sourceTree = "<group>";
		};
		DD8CEFB42D6A007900DBE580 /* Information */ = {
			isa = PBXGroup;
			children = (
				DD8CEFAE2D6A007900DBE580 /* FetchGameSchedules.swift */,
				DD8CEFAF2D6A007900DBE580 /* FetchGameCategory.swift */,
				DD8CEFB02D6A007900DBE580 /* FetchLCKTeamRankings.swift */,
				DD8CEFB12D6A007900DBE580 /* FetchNewsNoticeCount.swift */,
				DD8CEFB22D6A007900DBE580 /* FetchNews.swift */,
				DD8CEFB32D6A007900DBE580 /* FetchNotices.swift */,
			);
			path = Information;
			sourceTree = "<group>";
		};
		DD8CEFB62D6A007900DBE580 /* Community */ = {
			isa = PBXGroup;
			children = (
				DD8CEFB52D6A007900DBE580 /* FetchCommunites.swift */,
			);
			path = Community;
			sourceTree = "<group>";
		};
		DD8CEFB92D6A007900DBE580 /* Viewit */ = {
			isa = PBXGroup;
			children = (
				DD8CEFB72D6A007900DBE580 /* CreateViewitPost.swift */,
				DD8CEFB82D6A007900DBE580 /* FetchViewits.swift */,
			);
			path = Viewit;
			sourceTree = "<group>";
		};
		DD8CEFBA2D6A007900DBE580 /* Response */ = {
			isa = PBXGroup;
			children = (
				DD8CEF9C2D6A007900DBE580 /* Empty */,
				DD8CEF9F2D6A007900DBE580 /* Login */,
				DD8CEFA22D6A007900DBE580 /* Profile */,
				DD8CEFA52D6A007900DBE580 /* Comment */,
				DD8CEFA92D6A007900DBE580 /* Content */,
				DD8CEFAD2D6A007900DBE580 /* Notification */,
				DD8CEFB42D6A007900DBE580 /* Information */,
				DD8CEFB62D6A007900DBE580 /* Community */,
				DD8CEFB92D6A007900DBE580 /* Viewit */,
			);
			path = Response;
			sourceTree = "<group>";
		};
		DD8CEFBB2D6A007900DBE580 /* DTO */ = {
			isa = PBXGroup;
			children = (
				DD8CEF812D6A007900DBE580 /* DTO.swift */,
				DD8CEF832D6A007900DBE580 /* Base */,
				DD8CEF9A2D6A007900DBE580 /* Request */,
				DD8CEFBA2D6A007900DBE580 /* Response */,
			);
			path = DTO;
			sourceTree = "<group>";
		};
		DD8CEFBD2D6A007900DBE580 /* Login */ = {
			isa = PBXGroup;
			children = (
				DD8CEFBC2D6A007900DBE580 /* LoginMapper.swift */,
			);
			path = Login;
			sourceTree = "<group>";
		};
		DD8CEFBF2D6A007900DBE580 /* Account */ = {
			isa = PBXGroup;
			children = (
				DD8CEFBE2D6A007900DBE580 /* AccountMapper.swift */,
			);
			path = Account;
			sourceTree = "<group>";
		};
		DD8CEFC12D6A007900DBE580 /* Profile */ = {
			isa = PBXGroup;
			children = (
				DD8CEFC02D6A007900DBE580 /* ProfileMapper.swift */,
			);
			path = Profile;
			sourceTree = "<group>";
		};
		DD8CEFC32D6A007900DBE580 /* Comment */ = {
			isa = PBXGroup;
			children = (
				DD8CEFC22D6A007900DBE580 /* CommentMapper.swift */,
			);
			path = Comment;
			sourceTree = "<group>";
		};
		DD8CEFC52D6A007900DBE580 /* CommentLiked */ = {
			isa = PBXGroup;
			children = (
				DD8CEFC42D6A007900DBE580 /* CommentLikedMapper.swift */,
			);
			path = CommentLiked;
			sourceTree = "<group>";
		};
		DD8CEFC72D6A007900DBE580 /* Content */ = {
			isa = PBXGroup;
			children = (
				DD8CEFC62D6A007900DBE580 /* ContentMapper.swift */,
			);
			path = Content;
			sourceTree = "<group>";
		};
		DD8CEFC92D6A007900DBE580 /* ContentLiked */ = {
			isa = PBXGroup;
			children = (
				DD8CEFC82D6A007900DBE580 /* ContentLikedMapper.swift */,
			);
			path = ContentLiked;
			sourceTree = "<group>";
		};
		DD8CEFCB2D6A007900DBE580 /* Ghost */ = {
			isa = PBXGroup;
			children = (
				DD8CEFCA2D6A007900DBE580 /* GhostMapper.swift */,
			);
			path = Ghost;
			sourceTree = "<group>";
		};
		DD8CEFCD2D6A007900DBE580 /* Notification */ = {
			isa = PBXGroup;
			children = (
				DD8CEFCC2D6A007900DBE580 /* NotificationMapper.swift */,
			);
			path = Notification;
			sourceTree = "<group>";
		};
		DD8CEFCF2D6A007900DBE580 /* Information */ = {
			isa = PBXGroup;
			children = (
				DD8CEFCE2D6A007900DBE580 /* InformationMapper.swift */,
			);
			path = Information;
			sourceTree = "<group>";
		};
		DD8CEFD02D6A007900DBE580 /* Mapper */ = {
			isa = PBXGroup;
			children = (
				DD8CEFBD2D6A007900DBE580 /* Login */,
				DD8CEFBF2D6A007900DBE580 /* Account */,
				DD8CEFC12D6A007900DBE580 /* Profile */,
				DD8CEFC32D6A007900DBE580 /* Comment */,
				DD8CEFC52D6A007900DBE580 /* CommentLiked */,
				DD8CEFC72D6A007900DBE580 /* Content */,
				DD8CEFC92D6A007900DBE580 /* ContentLiked */,
				DD8CEFCB2D6A007900DBE580 /* Ghost */,
				DD8CEFCD2D6A007900DBE580 /* Notification */,
				DD8CEFCF2D6A007900DBE580 /* Information */,
			);
			path = Mapper;
			sourceTree = "<group>";
		};
		DD8CEFD12D6A007900DBE580 /* Data */ = {
			isa = PBXGroup;
			children = (
				DD8CEF802D6A007900DBE580 /* RepositoryImpl */,
				DD8CEFBB2D6A007900DBE580 /* DTO */,
				DD8CEFD02D6A007900DBE580 /* Mapper */,
			);
			path = Data;
			sourceTree = "<group>";
		};
		DD8CEFD32D6A007900DBE580 /* Login */ = {
			isa = PBXGroup;
			children = (
				DD8CEFD22D6A007900DBE580 /* LoginRepository.swift */,
			);
			path = Login;
			sourceTree = "<group>";
		};
		DD8CEFD52D6A007900DBE580 /* Account */ = {
			isa = PBXGroup;
			children = (
				DD8CEFD42D6A007900DBE580 /* account.swift */,
			);
			path = Account;
			sourceTree = "<group>";
		};
		DD8CEFD72D6A007900DBE580 /* Profile */ = {
			isa = PBXGroup;
			children = (
				DD8CEFD62D6A007900DBE580 /* ProfileRepository.swift */,
			);
			path = Profile;
			sourceTree = "<group>";
		};
		DD8CEFD92D6A007900DBE580 /* Comment */ = {
			isa = PBXGroup;
			children = (
				DD8CEFD82D6A007900DBE580 /* CommentRepository.swift */,
			);
			path = Comment;
			sourceTree = "<group>";
		};
		DD8CEFDB2D6A007900DBE580 /* CommentLiked */ = {
			isa = PBXGroup;
			children = (
				DD8CEFDA2D6A007900DBE580 /* CommentLikedRepository.swift */,
			);
			path = CommentLiked;
			sourceTree = "<group>";
		};
		DD8CEFDD2D6A007900DBE580 /* Content */ = {
			isa = PBXGroup;
			children = (
				DD8CEFDC2D6A007900DBE580 /* ContentRepository.swift */,
			);
			path = Content;
			sourceTree = "<group>";
		};
		DD8CEFDF2D6A007900DBE580 /* ContentLiked */ = {
			isa = PBXGroup;
			children = (
				DD8CEFDE2D6A007900DBE580 /* ContentLikedRepository.swift */,
			);
			path = ContentLiked;
			sourceTree = "<group>";
		};
		DD8CEFE12D6A007900DBE580 /* Ghost */ = {
			isa = PBXGroup;
			children = (
				DD8CEFE02D6A007900DBE580 /* ghost.swift */,
			);
			path = Ghost;
			sourceTree = "<group>";
		};
		DD8CEFE32D6A007900DBE580 /* Notification */ = {
			isa = PBXGroup;
			children = (
				DD8CEFE22D6A007900DBE580 /* notification.swift */,
			);
			path = Notification;
			sourceTree = "<group>";
		};
		DD8CEFE52D6A007900DBE580 /* Information */ = {
			isa = PBXGroup;
			children = (
				DD8CEFE42D6A007900DBE580 /* information.swift */,
			);
			path = Information;
			sourceTree = "<group>";
		};
		DD8CEFE62D6A007900DBE580 /* RepositoryInterface */ = {
			isa = PBXGroup;
			children = (
				DD8CEFD32D6A007900DBE580 /* Login */,
				DD8CEFD52D6A007900DBE580 /* Account */,
				DD8CEFD72D6A007900DBE580 /* Profile */,
				DD8CEFD92D6A007900DBE580 /* Comment */,
				DD8CEFDB2D6A007900DBE580 /* CommentLiked */,
				DD8CEFDD2D6A007900DBE580 /* Content */,
				DD8CEFDF2D6A007900DBE580 /* ContentLiked */,
				DD8CEFE12D6A007900DBE580 /* Ghost */,
				DD8CEFE32D6A007900DBE580 /* Notification */,
				DD8CEFE52D6A007900DBE580 /* Information */,
			);
			path = RepositoryInterface;
			sourceTree = "<group>";
		};
		DD8CEFF62D6A007900DBE580 /* Entity */ = {
			isa = PBXGroup;
			children = (
				DD8CEFE72D6A007900DBE580 /* LCKTeam.swift */,
				DD8CEFE82D6A007900DBE580 /* User.swift */,
				DD8CEFE92D6A007900DBE580 /* Token.swift */,
				DD8CEFEA2D6A007900DBE580 /* Account.swift */,
				DD8CEFEB2D6A007900DBE580 /* AccountInfo.swift */,
				DD8CEFEC2D6A007900DBE580 /* AccountDeleteReason.swift */,
				DD8CEFED2D6A007900DBE580 /* SocialPlatform.swift */,
				DD8CEFEE2D6A007900DBE580 /* UserProfile.swift */,
				DD8CEFEF2D6A007900DBE580 /* Comment.swift */,
				DD8CEFF02D6A007900DBE580 /* Content.swift */,
				DD8CEFF12D6A007900DBE580 /* Notification.swift */,
				DD8CEFF22D6A007900DBE580 /* GameSchedule.swift */,
				DD8CEFF32D6A007900DBE580 /* LCKTeamRank.swift */,
				DD8CEFF42D6A007900DBE580 /* Announcement.swift */,
				DD8CEFF52D6A007900DBE580 /* TriggerType.swift */,
			);
			path = Entity;
			sourceTree = "<group>";
		};
		DD8CEFF72D6A007900DBE580 /* Domain */ = {
			isa = PBXGroup;
			children = (
				DD8CEFE62D6A007900DBE580 /* RepositoryInterface */,
				DD8CEFF62D6A007900DBE580 /* Entity */,
			);
			path = Domain;
			sourceTree = "<group>";
		};
/* End PBXGroup section */

/* Begin PBXNativeTarget section */
		0547F4952C60D968001E3039 /* Wable-iOS */ = {
			isa = PBXNativeTarget;
			buildConfigurationList = 0547F4AA2C60D96B001E3039 /* Build configuration list for PBXNativeTarget "Wable-iOS" */;
			buildPhases = (
				0547F4922C60D968001E3039 /* Sources */,
				0547F4932C60D968001E3039 /* Frameworks */,
				0547F4942C60D968001E3039 /* Resources */,
			);
			buildRules = (
			);
			dependencies = (
			);
			name = "Wable-iOS";
			packageProductDependencies = (
				0547F4B62C6215D1001E3039 /* CombineMoya */,
				0547F4B82C6215D1001E3039 /* Moya */,
				0547F4BB2C6215F1001E3039 /* SnapKit */,
				0547F4D12C622351001E3039 /* Kingfisher */,
				0547F5052C65290A001E3039 /* Lottie */,
				3C8B4E732C8433E300174943 /* KakaoSDK */,
				0593F6DA2C96E75600FFAD82 /* FirebaseAnalytics */,
				0593F6DC2C96E75600FFAD82 /* FirebaseMessaging */,
				054A85512CAA944200EFD9A5 /* AmplitudeSwift */,
				DEB579392CE3541300BEE54D /* CombineCocoa */,
			);
			productName = "Wable-iOS";
			productReference = 0547F4962C60D968001E3039 /* Wable-iOS.app */;
			productType = "com.apple.product-type.application";
		};
/* End PBXNativeTarget section */

/* Begin PBXProject section */
		0547F48E2C60D968001E3039 /* Project object */ = {
			isa = PBXProject;
			attributes = {
				BuildIndependentTargetsInParallel = 1;
				LastSwiftUpdateCheck = 1540;
				LastUpgradeCheck = 1610;
				TargetAttributes = {
					0547F4952C60D968001E3039 = {
						CreatedOnToolsVersion = 15.4;
					};
				};
			};
			buildConfigurationList = 0547F4912C60D968001E3039 /* Build configuration list for PBXProject "Wable-iOS" */;
			compatibilityVersion = "Xcode 14.0";
			developmentRegion = en;
			hasScannedForEncodings = 0;
			knownRegions = (
				en,
				Base,
			);
			mainGroup = 0547F48D2C60D968001E3039;
			packageReferences = (
				0547F4B52C6215D1001E3039 /* XCRemoteSwiftPackageReference "Moya" */,
				0547F4BA2C6215F1001E3039 /* XCRemoteSwiftPackageReference "SnapKit" */,
				0547F4D02C622351001E3039 /* XCRemoteSwiftPackageReference "Kingfisher" */,
				0547F5042C652909001E3039 /* XCRemoteSwiftPackageReference "lottie-ios" */,
				3C8B4E722C8433E300174943 /* XCRemoteSwiftPackageReference "kakao-ios-sdk" */,
				0593F6D92C96E75600FFAD82 /* XCRemoteSwiftPackageReference "firebase-ios-sdk" */,
				054A85502CAA944100EFD9A5 /* XCRemoteSwiftPackageReference "Amplitude-Swift" */,
				DEB579382CE3541300BEE54D /* XCRemoteSwiftPackageReference "CombineCocoa" */,
			);
			productRefGroup = 0547F4972C60D968001E3039 /* Products */;
			projectDirPath = "";
			projectRoot = "";
			targets = (
				0547F4952C60D968001E3039 /* Wable-iOS */,
			);
		};
/* End PBXProject section */

/* Begin PBXResourcesBuildPhase section */
		0547F4942C60D968001E3039 /* Resources */ = {
			isa = PBXResourcesBuildPhase;
			buildActionMask = 2147483647;
			files = (
				054308EA2CB7F582001861F1 /* wable_loading.json in Resources */,
				0547F4A32C60D96B001E3039 /* Assets.xcassets in Resources */,
				054308EC2CB7F6CE001861F1 /* wable_splash.json in Resources */,
				0586D89B2D09A68200436080 /* Pretendard-Regular.otf in Resources */,
				3C8B4E052C76247800174943 /* wable_tab.json in Resources */,
				0586D89C2D09A68200436080 /* Pretendard-SemiBold.otf in Resources */,
				0547F4C82C621ABC001E3039 /* Color.xcassets in Resources */,
			);
			runOnlyForDeploymentPostprocessing = 0;
		};
/* End PBXResourcesBuildPhase section */

/* Begin PBXSourcesBuildPhase section */
		0547F4922C60D968001E3039 /* Sources */ = {
			isa = PBXSourcesBuildPhase;
			buildActionMask = 2147483647;
			files = (
			);
			runOnlyForDeploymentPostprocessing = 0;
		};
/* End PBXSourcesBuildPhase section */

/* Begin PBXVariantGroup section */
		DD8CEFF92D6A00BB00DBE580 /* LaunchScreen.storyboard */ = {
			isa = PBXVariantGroup;
			children = (
				DD8CEFF82D6A00BB00DBE580 /* LaunchScreen.storyboard */,
			);
			name = LaunchScreen.storyboard;
			sourceTree = "<group>";
		};
/* End PBXVariantGroup section */

/* Begin XCBuildConfiguration section */
		0547F4A82C60D96B001E3039 /* Debug */ = {
			isa = XCBuildConfiguration;
			buildSettings = {
				ALWAYS_SEARCH_USER_PATHS = NO;
				ASSETCATALOG_COMPILER_GENERATE_SWIFT_ASSET_SYMBOL_EXTENSIONS = YES;
				CLANG_ANALYZER_NONNULL = YES;
				CLANG_ANALYZER_NUMBER_OBJECT_CONVERSION = YES_AGGRESSIVE;
				CLANG_CXX_LANGUAGE_STANDARD = "gnu++20";
				CLANG_ENABLE_MODULES = YES;
				CLANG_ENABLE_OBJC_ARC = YES;
				CLANG_ENABLE_OBJC_WEAK = YES;
				CLANG_WARN_BLOCK_CAPTURE_AUTORELEASING = YES;
				CLANG_WARN_BOOL_CONVERSION = YES;
				CLANG_WARN_COMMA = YES;
				CLANG_WARN_CONSTANT_CONVERSION = YES;
				CLANG_WARN_DEPRECATED_OBJC_IMPLEMENTATIONS = YES;
				CLANG_WARN_DIRECT_OBJC_ISA_USAGE = YES_ERROR;
				CLANG_WARN_DOCUMENTATION_COMMENTS = YES;
				CLANG_WARN_EMPTY_BODY = YES;
				CLANG_WARN_ENUM_CONVERSION = YES;
				CLANG_WARN_INFINITE_RECURSION = YES;
				CLANG_WARN_INT_CONVERSION = YES;
				CLANG_WARN_NON_LITERAL_NULL_CONVERSION = YES;
				CLANG_WARN_OBJC_IMPLICIT_RETAIN_SELF = YES;
				CLANG_WARN_OBJC_LITERAL_CONVERSION = YES;
				CLANG_WARN_OBJC_ROOT_CLASS = YES_ERROR;
				CLANG_WARN_QUOTED_INCLUDE_IN_FRAMEWORK_HEADER = YES;
				CLANG_WARN_RANGE_LOOP_ANALYSIS = YES;
				CLANG_WARN_STRICT_PROTOTYPES = YES;
				CLANG_WARN_SUSPICIOUS_MOVE = YES;
				CLANG_WARN_UNGUARDED_AVAILABILITY = YES_AGGRESSIVE;
				CLANG_WARN_UNREACHABLE_CODE = YES;
				CLANG_WARN__DUPLICATE_METHOD_MATCH = YES;
				COPY_PHASE_STRIP = NO;
				DEBUG_INFORMATION_FORMAT = dwarf;
				ENABLE_STRICT_OBJC_MSGSEND = YES;
				ENABLE_TESTABILITY = YES;
				ENABLE_USER_SCRIPT_SANDBOXING = YES;
				GCC_C_LANGUAGE_STANDARD = gnu17;
				GCC_DYNAMIC_NO_PIC = NO;
				GCC_NO_COMMON_BLOCKS = YES;
				GCC_OPTIMIZATION_LEVEL = 0;
				GCC_PREPROCESSOR_DEFINITIONS = (
					"DEBUG=1",
					"$(inherited)",
				);
				GCC_WARN_64_TO_32_BIT_CONVERSION = YES;
				GCC_WARN_ABOUT_RETURN_TYPE = YES_ERROR;
				GCC_WARN_UNDECLARED_SELECTOR = YES;
				GCC_WARN_UNINITIALIZED_AUTOS = YES_AGGRESSIVE;
				GCC_WARN_UNUSED_FUNCTION = YES;
				GCC_WARN_UNUSED_VARIABLE = YES;
				IPHONEOS_DEPLOYMENT_TARGET = 17.5;
				LOCALIZATION_PREFERS_STRING_CATALOGS = YES;
				MTL_ENABLE_DEBUG_INFO = INCLUDE_SOURCE;
				MTL_FAST_MATH = YES;
				ONLY_ACTIVE_ARCH = YES;
				SDKROOT = iphoneos;
				SWIFT_ACTIVE_COMPILATION_CONDITIONS = "DEBUG $(inherited)";
				SWIFT_OPTIMIZATION_LEVEL = "-Onone";
			};
			name = Debug;
		};
		0547F4A92C60D96B001E3039 /* Release */ = {
			isa = XCBuildConfiguration;
			buildSettings = {
				ALWAYS_SEARCH_USER_PATHS = NO;
				ASSETCATALOG_COMPILER_GENERATE_SWIFT_ASSET_SYMBOL_EXTENSIONS = YES;
				CLANG_ANALYZER_NONNULL = YES;
				CLANG_ANALYZER_NUMBER_OBJECT_CONVERSION = YES_AGGRESSIVE;
				CLANG_CXX_LANGUAGE_STANDARD = "gnu++20";
				CLANG_ENABLE_MODULES = YES;
				CLANG_ENABLE_OBJC_ARC = YES;
				CLANG_ENABLE_OBJC_WEAK = YES;
				CLANG_WARN_BLOCK_CAPTURE_AUTORELEASING = YES;
				CLANG_WARN_BOOL_CONVERSION = YES;
				CLANG_WARN_COMMA = YES;
				CLANG_WARN_CONSTANT_CONVERSION = YES;
				CLANG_WARN_DEPRECATED_OBJC_IMPLEMENTATIONS = YES;
				CLANG_WARN_DIRECT_OBJC_ISA_USAGE = YES_ERROR;
				CLANG_WARN_DOCUMENTATION_COMMENTS = YES;
				CLANG_WARN_EMPTY_BODY = YES;
				CLANG_WARN_ENUM_CONVERSION = YES;
				CLANG_WARN_INFINITE_RECURSION = YES;
				CLANG_WARN_INT_CONVERSION = YES;
				CLANG_WARN_NON_LITERAL_NULL_CONVERSION = YES;
				CLANG_WARN_OBJC_IMPLICIT_RETAIN_SELF = YES;
				CLANG_WARN_OBJC_LITERAL_CONVERSION = YES;
				CLANG_WARN_OBJC_ROOT_CLASS = YES_ERROR;
				CLANG_WARN_QUOTED_INCLUDE_IN_FRAMEWORK_HEADER = YES;
				CLANG_WARN_RANGE_LOOP_ANALYSIS = YES;
				CLANG_WARN_STRICT_PROTOTYPES = YES;
				CLANG_WARN_SUSPICIOUS_MOVE = YES;
				CLANG_WARN_UNGUARDED_AVAILABILITY = YES_AGGRESSIVE;
				CLANG_WARN_UNREACHABLE_CODE = YES;
				CLANG_WARN__DUPLICATE_METHOD_MATCH = YES;
				COPY_PHASE_STRIP = NO;
				DEBUG_INFORMATION_FORMAT = "dwarf-with-dsym";
				ENABLE_NS_ASSERTIONS = NO;
				ENABLE_STRICT_OBJC_MSGSEND = YES;
				ENABLE_USER_SCRIPT_SANDBOXING = YES;
				GCC_C_LANGUAGE_STANDARD = gnu17;
				GCC_NO_COMMON_BLOCKS = YES;
				GCC_WARN_64_TO_32_BIT_CONVERSION = YES;
				GCC_WARN_ABOUT_RETURN_TYPE = YES_ERROR;
				GCC_WARN_UNDECLARED_SELECTOR = YES;
				GCC_WARN_UNINITIALIZED_AUTOS = YES_AGGRESSIVE;
				GCC_WARN_UNUSED_FUNCTION = YES;
				GCC_WARN_UNUSED_VARIABLE = YES;
				IPHONEOS_DEPLOYMENT_TARGET = 17.5;
				LOCALIZATION_PREFERS_STRING_CATALOGS = YES;
				MTL_ENABLE_DEBUG_INFO = NO;
				MTL_FAST_MATH = YES;
				SDKROOT = iphoneos;
				SWIFT_COMPILATION_MODE = wholemodule;
				VALIDATE_PRODUCT = YES;
			};
			name = Release;
		};
		0547F4AB2C60D96B001E3039 /* Debug */ = {
			isa = XCBuildConfiguration;
			buildSettings = {
				ASSETCATALOG_COMPILER_APPICON_NAME = AppIcon;
				ASSETCATALOG_COMPILER_GLOBAL_ACCENT_COLOR_NAME = AccentColor;
				CODE_SIGN_ENTITLEMENTS = "Wable-iOS/Wable-iOS.entitlements";
				CODE_SIGN_IDENTITY = "Apple Development";
				CODE_SIGN_STYLE = Automatic;
				CURRENT_PROJECT_VERSION = 4;
				DEVELOPMENT_TEAM = HGVD26K7DP;
				GENERATE_INFOPLIST_FILE = YES;
				INFOPLIST_FILE = "Wable-iOS/Resource/Info.plist";
				INFOPLIST_KEY_CFBundleDisplayName = "와블";
				INFOPLIST_KEY_NSPhotoLibraryUsageDescription = "게시글이나 프로필을 변경할 때 사용합니다.";
				INFOPLIST_KEY_UIApplicationSupportsIndirectInputEvents = YES;
				INFOPLIST_KEY_UILaunchStoryboardName = LaunchScreen;
				INFOPLIST_KEY_UISupportedInterfaceOrientations = UIInterfaceOrientationPortrait;
				INFOPLIST_KEY_UISupportedInterfaceOrientations_iPad = "UIInterfaceOrientationLandscapeLeft UIInterfaceOrientationLandscapeRight UIInterfaceOrientationPortrait UIInterfaceOrientationPortraitUpsideDown";
				IPHONEOS_DEPLOYMENT_TARGET = 15.0;
				LD_RUNPATH_SEARCH_PATHS = (
					"$(inherited)",
					"@executable_path/Frameworks",
				);
				MARKETING_VERSION = 1.2.0;
				PRODUCT_BUNDLE_IDENTIFIER = "com.wable.Wable-iOS";
				PRODUCT_NAME = "$(TARGET_NAME)";
				PROVISIONING_PROFILE_SPECIFIER = "";
				SUPPORTED_PLATFORMS = "iphoneos iphonesimulator";
				SUPPORTS_MACCATALYST = NO;
				SUPPORTS_MAC_DESIGNED_FOR_IPHONE_IPAD = NO;
				SUPPORTS_XR_DESIGNED_FOR_IPHONE_IPAD = NO;
				SWIFT_EMIT_LOC_STRINGS = YES;
				SWIFT_VERSION = 5.0;
				TARGETED_DEVICE_FAMILY = 1;
			};
			name = Debug;
		};
		0547F4AC2C60D96B001E3039 /* Release */ = {
			isa = XCBuildConfiguration;
			buildSettings = {
				ASSETCATALOG_COMPILER_APPICON_NAME = AppIcon;
				ASSETCATALOG_COMPILER_GLOBAL_ACCENT_COLOR_NAME = AccentColor;
				CODE_SIGN_ENTITLEMENTS = "Wable-iOS/Wable-iOS.entitlements";
				CODE_SIGN_IDENTITY = "Apple Development";
				CODE_SIGN_STYLE = Automatic;
				CURRENT_PROJECT_VERSION = 4;
				DEVELOPMENT_TEAM = HGVD26K7DP;
				GENERATE_INFOPLIST_FILE = YES;
				INFOPLIST_FILE = "Wable-iOS/Resource/Info.plist";
				INFOPLIST_KEY_CFBundleDisplayName = "와블";
				INFOPLIST_KEY_NSPhotoLibraryUsageDescription = "게시글이나 프로필을 변경할 때 사용합니다.";
				INFOPLIST_KEY_UIApplicationSupportsIndirectInputEvents = YES;
				INFOPLIST_KEY_UILaunchStoryboardName = LaunchScreen;
				INFOPLIST_KEY_UISupportedInterfaceOrientations = UIInterfaceOrientationPortrait;
				INFOPLIST_KEY_UISupportedInterfaceOrientations_iPad = "UIInterfaceOrientationLandscapeLeft UIInterfaceOrientationLandscapeRight UIInterfaceOrientationPortrait UIInterfaceOrientationPortraitUpsideDown";
				IPHONEOS_DEPLOYMENT_TARGET = 15.0;
				LD_RUNPATH_SEARCH_PATHS = (
					"$(inherited)",
					"@executable_path/Frameworks",
				);
				MARKETING_VERSION = 1.2.0;
				PRODUCT_BUNDLE_IDENTIFIER = "com.wable.Wable-iOS";
				PRODUCT_NAME = "$(TARGET_NAME)";
				PROVISIONING_PROFILE_SPECIFIER = "";
				SUPPORTED_PLATFORMS = "iphoneos iphonesimulator";
				SUPPORTS_MACCATALYST = NO;
				SUPPORTS_MAC_DESIGNED_FOR_IPHONE_IPAD = NO;
				SUPPORTS_XR_DESIGNED_FOR_IPHONE_IPAD = NO;
				SWIFT_EMIT_LOC_STRINGS = YES;
				SWIFT_VERSION = 5.0;
				TARGETED_DEVICE_FAMILY = 1;
			};
			name = Release;
		};
/* End XCBuildConfiguration section */

/* Begin XCConfigurationList section */
		0547F4912C60D968001E3039 /* Build configuration list for PBXProject "Wable-iOS" */ = {
			isa = XCConfigurationList;
			buildConfigurations = (
				0547F4A82C60D96B001E3039 /* Debug */,
				0547F4A92C60D96B001E3039 /* Release */,
			);
			defaultConfigurationIsVisible = 0;
			defaultConfigurationName = Release;
		};
		0547F4AA2C60D96B001E3039 /* Build configuration list for PBXNativeTarget "Wable-iOS" */ = {
			isa = XCConfigurationList;
			buildConfigurations = (
				0547F4AB2C60D96B001E3039 /* Debug */,
				0547F4AC2C60D96B001E3039 /* Release */,
			);
			defaultConfigurationIsVisible = 0;
			defaultConfigurationName = Release;
		};
/* End XCConfigurationList section */

/* Begin XCRemoteSwiftPackageReference section */
		0547F4B52C6215D1001E3039 /* XCRemoteSwiftPackageReference "Moya" */ = {
			isa = XCRemoteSwiftPackageReference;
			repositoryURL = "https://github.com/Moya/Moya.git";
			requirement = {
				kind = upToNextMajorVersion;
				minimumVersion = 15.0.3;
			};
		};
		0547F4BA2C6215F1001E3039 /* XCRemoteSwiftPackageReference "SnapKit" */ = {
			isa = XCRemoteSwiftPackageReference;
			repositoryURL = "https://github.com/SnapKit/SnapKit.git";
			requirement = {
				kind = upToNextMajorVersion;
				minimumVersion = 5.7.1;
			};
		};
		0547F4D02C622351001E3039 /* XCRemoteSwiftPackageReference "Kingfisher" */ = {
			isa = XCRemoteSwiftPackageReference;
			repositoryURL = "https://github.com/onevcat/Kingfisher.git";
			requirement = {
				kind = upToNextMajorVersion;
				minimumVersion = 7.12.0;
			};
		};
		0547F5042C652909001E3039 /* XCRemoteSwiftPackageReference "lottie-ios" */ = {
			isa = XCRemoteSwiftPackageReference;
			repositoryURL = "https://github.com/airbnb/lottie-ios.git";
			requirement = {
				kind = upToNextMajorVersion;
				minimumVersion = 4.5.0;
			};
		};
		054A85502CAA944100EFD9A5 /* XCRemoteSwiftPackageReference "Amplitude-Swift" */ = {
			isa = XCRemoteSwiftPackageReference;
			repositoryURL = "https://github.com/amplitude/Amplitude-Swift.git";
			requirement = {
				kind = upToNextMajorVersion;
				minimumVersion = 1.0.0;
			};
		};
		0593F6D92C96E75600FFAD82 /* XCRemoteSwiftPackageReference "firebase-ios-sdk" */ = {
			isa = XCRemoteSwiftPackageReference;
			repositoryURL = "https://github.com/firebase/firebase-ios-sdk.git";
			requirement = {
				kind = upToNextMajorVersion;
				minimumVersion = 11.2.0;
			};
		};
		3C8B4E722C8433E300174943 /* XCRemoteSwiftPackageReference "kakao-ios-sdk" */ = {
			isa = XCRemoteSwiftPackageReference;
			repositoryURL = "https://github.com/kakao/kakao-ios-sdk";
			requirement = {
				kind = exactVersion;
				version = 2.22.0;
			};
		};
		DEB579382CE3541300BEE54D /* XCRemoteSwiftPackageReference "CombineCocoa" */ = {
			isa = XCRemoteSwiftPackageReference;
			repositoryURL = "https://github.com/CombineCommunity/CombineCocoa";
			requirement = {
				kind = upToNextMajorVersion;
				minimumVersion = 0.4.1;
			};
		};
/* End XCRemoteSwiftPackageReference section */

/* Begin XCSwiftPackageProductDependency section */
		0547F4B62C6215D1001E3039 /* CombineMoya */ = {
			isa = XCSwiftPackageProductDependency;
			package = 0547F4B52C6215D1001E3039 /* XCRemoteSwiftPackageReference "Moya" */;
			productName = CombineMoya;
		};
		0547F4B82C6215D1001E3039 /* Moya */ = {
			isa = XCSwiftPackageProductDependency;
			package = 0547F4B52C6215D1001E3039 /* XCRemoteSwiftPackageReference "Moya" */;
			productName = Moya;
		};
		0547F4BB2C6215F1001E3039 /* SnapKit */ = {
			isa = XCSwiftPackageProductDependency;
			package = 0547F4BA2C6215F1001E3039 /* XCRemoteSwiftPackageReference "SnapKit" */;
			productName = SnapKit;
		};
		0547F4D12C622351001E3039 /* Kingfisher */ = {
			isa = XCSwiftPackageProductDependency;
			package = 0547F4D02C622351001E3039 /* XCRemoteSwiftPackageReference "Kingfisher" */;
			productName = Kingfisher;
		};
		0547F5052C65290A001E3039 /* Lottie */ = {
			isa = XCSwiftPackageProductDependency;
			package = 0547F5042C652909001E3039 /* XCRemoteSwiftPackageReference "lottie-ios" */;
			productName = Lottie;
		};
		054A85512CAA944200EFD9A5 /* AmplitudeSwift */ = {
			isa = XCSwiftPackageProductDependency;
			package = 054A85502CAA944100EFD9A5 /* XCRemoteSwiftPackageReference "Amplitude-Swift" */;
			productName = AmplitudeSwift;
		};
		0593F6DA2C96E75600FFAD82 /* FirebaseAnalytics */ = {
			isa = XCSwiftPackageProductDependency;
			package = 0593F6D92C96E75600FFAD82 /* XCRemoteSwiftPackageReference "firebase-ios-sdk" */;
			productName = FirebaseAnalytics;
		};
		0593F6DC2C96E75600FFAD82 /* FirebaseMessaging */ = {
			isa = XCSwiftPackageProductDependency;
			package = 0593F6D92C96E75600FFAD82 /* XCRemoteSwiftPackageReference "firebase-ios-sdk" */;
			productName = FirebaseMessaging;
		};
		3C8B4E732C8433E300174943 /* KakaoSDK */ = {
			isa = XCSwiftPackageProductDependency;
			package = 3C8B4E722C8433E300174943 /* XCRemoteSwiftPackageReference "kakao-ios-sdk" */;
			productName = KakaoSDK;
		};
		DEB579392CE3541300BEE54D /* CombineCocoa */ = {
			isa = XCSwiftPackageProductDependency;
			package = DEB579382CE3541300BEE54D /* XCRemoteSwiftPackageReference "CombineCocoa" */;
			productName = CombineCocoa;
		};
/* End XCSwiftPackageProductDependency section */
	};
	rootObject = 0547F48E2C60D968001E3039 /* Project object */;
}
